# This file is @generated by PDM.
# It is not intended for manual editing.

[[package]]
name = "altgraph"
version = "0.17.3"
summary = "Python graph (network) package"

[[package]]
name = "attrs"
version = "22.2.0"
requires_python = ">=3.6"
summary = "Classes Without Boilerplate"

[[package]]
name = "black"
version = "23.1.0"
requires_python = ">=3.7"
summary = "The uncompromising code formatter."
dependencies = [
    "click>=8.0.0",
    "mypy-extensions>=0.4.3",
    "packaging>=22.0",
    "pathspec>=0.9.0",
    "platformdirs>=2",
    "tomli>=1.1.0; python_version < \"3.11\"",
    "typing-extensions>=3.10.0.0; python_version < \"3.10\"",
]

[[package]]
name = "click"
version = "8.1.3"
requires_python = ">=3.7"
summary = "Composable command line interface toolkit"
dependencies = [
    "colorama; platform_system == \"Windows\"",
]

[[package]]
name = "colorama"
version = "0.4.6"
requires_python = "!=3.0.*,!=3.1.*,!=3.2.*,!=3.3.*,!=3.4.*,!=3.5.*,!=3.6.*,>=2.7"
summary = "Cross-platform colored terminal text."

[[package]]
name = "exceptiongroup"
version = "1.1.1"
requires_python = ">=3.7"
summary = "Backport of PEP 654 (exception groups)"

[[package]]
name = "iniconfig"
version = "2.0.0"
requires_python = ">=3.7"
summary = "brain-dead simple config-ini parsing"

[[package]]
name = "lark"
version = "1.1.5"
summary = "a modern parsing library"

[[package]]
name = "macholib"
version = "1.16.2"
summary = "Mach-O header analysis and editing"
dependencies = [
    "altgraph>=0.17",
]

[[package]]
name = "mypy-extensions"
version = "1.0.0"
requires_python = ">=3.5"
summary = "Type system extensions for programs checked with the mypy type checker."

[[package]]
name = "nlzss11"
version = "1.5"
requires_python = ">=3.6"
summary = "Library for data (de)compression using Nintendo's lzss11 algorithm"

[[package]]
name = "packaging"
version = "23.0"
requires_python = ">=3.7"
summary = "Core utilities for Python packages"

[[package]]
name = "pathspec"
version = "0.11.1"
requires_python = ">=3.7"
summary = "Utility library for gitignore style pattern matching of file paths."

[[package]]
name = "pefile"
version = "2023.2.7"
requires_python = ">=3.6.0"
summary = "Python PE parsing module"

[[package]]
name = "platformdirs"
version = "3.2.0"
requires_python = ">=3.7"
summary = "A small Python package for determining appropriate platform-specific dirs, e.g. a \"user data dir\"."

[[package]]
name = "pluggy"
version = "1.0.0"
requires_python = ">=3.6"
summary = "plugin and hook calling mechanisms for python"

[[package]]
name = "pyinstaller"
version = "5.9.0"
requires_python = "<3.12,>=3.7"
summary = "PyInstaller bundles a Python application and all its dependencies into a single package."
dependencies = [
    "altgraph",
    "macholib>=1.8; sys_platform == \"darwin\"",
    "pefile>=2022.5.30; sys_platform == \"win32\"",
    "pyinstaller-hooks-contrib>=2021.4",
    "pywin32-ctypes>=0.2.0; sys_platform == \"win32\"",
    "setuptools>=42.0.0",
]

[[package]]
name = "pyinstaller-hooks-contrib"
version = "2023.1"
requires_python = ">=3.7"
summary = "Community maintained hooks for PyInstaller"

[[package]]
name = "pyside6"
version = "6.4.3"
requires_python = "<3.12,>=3.7"
summary = "Python bindings for the Qt cross-platform application and UI framework"
dependencies = [
    "PySide6-Addons==6.4.3",
    "PySide6-Essentials==6.4.3",
    "shiboken6==6.4.3",
]

[[package]]
name = "pyside6-addons"
version = "6.4.3"
requires_python = "<3.12,>=3.7"
summary = "Python bindings for the Qt cross-platform application and UI framework (Addons)"
dependencies = [
    "PySide6-Essentials==6.4.3",
    "shiboken6==6.4.3",
]

[[package]]
name = "pyside6-essentials"
version = "6.4.3"
requires_python = "<3.12,>=3.7"
summary = "Python bindings for the Qt cross-platform application and UI framework (Essentials)"
dependencies = [
    "shiboken6==6.4.3",
]

[[package]]
name = "pytest"
version = "7.2.2"
requires_python = ">=3.7"
summary = "pytest: simple powerful testing with Python"
dependencies = [
    "attrs>=19.2.0",
    "colorama; sys_platform == \"win32\"",
    "exceptiongroup>=1.0.0rc8; python_version < \"3.11\"",
    "iniconfig",
    "packaging",
    "pluggy<2.0,>=0.12",
    "tomli>=1.0.0; python_version < \"3.11\"",
]

[[package]]
name = "pywin32-ctypes"
version = "0.2.0"
summary = "UNKNOWN"

[[package]]
name = "pyyaml"
version = "6.0"
requires_python = ">=3.6"
summary = "YAML parser and emitter for Python"

[[package]]
name = "setuptools"
version = "67.6.0"
requires_python = ">=3.7"
summary = "Easily download, build, install, upgrade, and uninstall Python packages"

[[package]]
name = "shiboken6"
version = "6.4.3"
requires_python = "<3.12,>=3.7"
summary = "Python/C++ bindings helper module"

[[package]]
name = "toml"
version = "0.10.2"
requires_python = ">=2.6, !=3.0.*, !=3.1.*, !=3.2.*"
summary = "Python Library for Tom's Obvious, Minimal Language"

[[package]]
name = "tomli"
version = "2.0.1"
requires_python = ">=3.7"
summary = "A lil' TOML parser"

[[package]]
name = "typing-extensions"
version = "4.5.0"
requires_python = ">=3.7"
summary = "Backported and Experimental Type Hints for Python 3.7+"

[metadata]
lock_version = "4.1"
content_hash = "sha256:1947947284039eca0e70b9b10d5f570c2d1d5d4ec0eca302cb7388a713fb77de"

[metadata.files]
"altgraph 0.17.3" = [
    {url = "https://files.pythonhosted.org/packages/5a/13/a7cfa43856a7b8e4894848ec8f71cd9e1ac461e51802391a3e2101c60ed6/altgraph-0.17.3.tar.gz", hash = "sha256:ad33358114df7c9416cdb8fa1eaa5852166c505118717021c6a8c7c7abbd03dd"},
    {url = "https://files.pythonhosted.org/packages/cc/ff/88d277ba936d226b0f6dbd6711145f90fcfeed3aa9455c1c2f62c8ffec5b/altgraph-0.17.3-py2.py3-none-any.whl", hash = "sha256:c8ac1ca6772207179ed8003ce7687757c04b0b71536f81e2ac5755c6226458fe"},
]
"attrs 22.2.0" = [
    {url = "https://files.pythonhosted.org/packages/21/31/3f468da74c7de4fcf9b25591e682856389b3400b4b62f201e65f15ea3e07/attrs-22.2.0.tar.gz", hash = "sha256:c9227bfc2f01993c03f68db37d1d15c9690188323c067c641f1a35ca58185f99"},
    {url = "https://files.pythonhosted.org/packages/fb/6e/6f83bf616d2becdf333a1640f1d463fef3150e2e926b7010cb0f81c95e88/attrs-22.2.0-py3-none-any.whl", hash = "sha256:29e95c7f6778868dbd49170f98f8818f78f3dc5e0e37c0b1f474e3561b240836"},
]
"black 23.1.0" = [
    {url = "https://files.pythonhosted.org/packages/01/8a/065d0a59c1ebe13186b12a2fa3965a41fc1588828709995e2630004d216e/black-23.1.0-cp37-cp37m-manylinux_2_17_x86_64.manylinux2014_x86_64.whl", hash = "sha256:8178318cb74f98bc571eef19068f6ab5613b3e59d4f47771582f04e175570ed8"},
    {url = "https://files.pythonhosted.org/packages/15/11/533355217b1cc4a6df3263048060c1527f733d4720e158de2085293112bb/black-23.1.0.tar.gz", hash = "sha256:b0bd97bea8903f5a2ba7219257a44e3f1f9d00073d6cc1add68f0beec69692ac"},
    {url = "https://files.pythonhosted.org/packages/18/99/bb1be0ff3a7e912679ad234a3c4884fa7689dfcc4eae85bddb6c04feaa62/black-23.1.0-py3-none-any.whl", hash = "sha256:7a0f701d314cfa0896b9001df70a530eb2472babb76086344e688829efd97d32"},
    {url = "https://files.pythonhosted.org/packages/20/de/eff8e3ccc22b5c2be1265a9e61f1006d03e194519a3ca2e83dd8483dbbb5/black-23.1.0-cp38-cp38-macosx_10_16_x86_64.whl", hash = "sha256:49f7b39e30f326a34b5c9a4213213a6b221d7ae9d58ec70df1c4a307cf2a1580"},
    {url = "https://files.pythonhosted.org/packages/2d/9a/a81bf384a08d8a5e13d97223a60a74ac3c16c0aecdbd85edbc662d158bde/black-23.1.0-cp310-cp310-win_amd64.whl", hash = "sha256:9afd3f493666a0cd8f8df9a0200c6359ac53940cbde049dcb1a7eb6ee2dd7074"},
    {url = "https://files.pythonhosted.org/packages/32/a7/1d207427b87780c505a41c9430d26362e729954503b8ffba27c4f53a6810/black-23.1.0-cp311-cp311-manylinux_2_17_x86_64.manylinux2014_x86_64.whl", hash = "sha256:2bf649fda611c8550ca9d7592b69f0637218c2369b7744694c5e4902873b2f3a"},
    {url = "https://files.pythonhosted.org/packages/3d/dc/12dc29bb38b8db68c79b8339de1590fe1ae796858bfa6cf7494eb672be21/black-23.1.0-cp38-cp38-win_amd64.whl", hash = "sha256:8b70eb40a78dfac24842458476135f9b99ab952dd3f2dab738c1881a9b38b753"},
    {url = "https://files.pythonhosted.org/packages/3e/c0/abc7031d670d211e4e2a063910d587dfcb62ce469631e779b23b66653442/black-23.1.0-cp310-cp310-macosx_10_16_universal2.whl", hash = "sha256:57c18c5165c1dbe291d5306e53fb3988122890e57bd9b3dcb75f967f13411a26"},
    {url = "https://files.pythonhosted.org/packages/43/bc/5232fd6b0fd6d6177140cfb7d8f0f0e06638e2a750122767e265beb91161/black-23.1.0-cp39-cp39-macosx_10_16_arm64.whl", hash = "sha256:a29650759a6a0944e7cca036674655c2f0f63806ddecc45ed40b7b8aa314b651"},
    {url = "https://files.pythonhosted.org/packages/6b/d1/4394e4b0a24ad0f556aca3ab11e27f2e199f03b43f147c31a4befbf62b48/black-23.1.0-cp311-cp311-win_amd64.whl", hash = "sha256:121ca7f10b4a01fd99951234abdbd97728e1240be89fde18480ffac16503d481"},
    {url = "https://files.pythonhosted.org/packages/77/11/db2ae5bf93af5185086d9b1baf4ce369ca34c3a01835230873aa9163d52d/black-23.1.0-cp39-cp39-macosx_10_16_universal2.whl", hash = "sha256:bb460c8561c8c1bec7824ecbc3ce085eb50005883a6203dcfb0122e95797ee06"},
    {url = "https://files.pythonhosted.org/packages/7e/fe/6c05c3f9255b7b498cfb88faa85b45329f1b7b0ecb444ebdc6b74ffa1457/black-23.1.0-cp311-cp311-macosx_10_16_universal2.whl", hash = "sha256:c1c476bc7b7d021321e7d93dc2cbd78ce103b84d5a4cf97ed535fbc0d6660648"},
    {url = "https://files.pythonhosted.org/packages/96/af/3361b34907efbfd9d55af453488be2282f831d98b7d201248b38d4c44346/black-23.1.0-cp37-cp37m-macosx_10_16_x86_64.whl", hash = "sha256:a8471939da5e824b891b25751955be52ee7f8a30a916d570a5ba8e0f2eb2ecad"},
    {url = "https://files.pythonhosted.org/packages/9a/ee/549e8be7f635cabcc3c7c3f2c3b27971dc32735155631b9ef2dcb1bd861f/black-23.1.0-cp311-cp311-macosx_10_16_arm64.whl", hash = "sha256:bfffba28dc52a58f04492181392ee380e95262af14ee01d4bc7bb1b1c6ca8d27"},
    {url = "https://files.pythonhosted.org/packages/a4/ec/934e89820289e6952922fa5965aec0e046ed65da168ffb0515af1e3364e1/black-23.1.0-cp38-cp38-macosx_10_16_arm64.whl", hash = "sha256:a59db0a2094d2259c554676403fa2fac3473ccf1354c1c63eccf7ae65aac8ab6"},
    {url = "https://files.pythonhosted.org/packages/ae/93/1e62fe94ab531bdc3f6cbbbd5b518727277bf40f695777b4097db5da2a38/black-23.1.0-cp39-cp39-macosx_10_16_x86_64.whl", hash = "sha256:c91dfc2c2a4e50df0026f88d2215e166616e0c80e86004d0003ece0488db2739"},
    {url = "https://files.pythonhosted.org/packages/b1/7e/c368e9c795387a01bc181d8acbfd178278cc9960c5e7ef1059222a4419f9/black-23.1.0-cp37-cp37m-win_amd64.whl", hash = "sha256:a436e7881d33acaf2536c46a454bb964a50eff59b21b51c6ccf5a40601fbef24"},
    {url = "https://files.pythonhosted.org/packages/b7/33/8e074fd8b86a1c8668f5493ed28929d87bdccb6aa68c2975b47a02f92287/black-23.1.0-cp39-cp39-manylinux_2_17_x86_64.manylinux2014_x86_64.whl", hash = "sha256:2a951cc83ab535d248c89f300eccbd625e80ab880fbcfb5ac8afb5f01a258ac9"},
    {url = "https://files.pythonhosted.org/packages/be/f9/11e401323cd5b4e53d138fc880564765466a86acd2d4b50d7c8cdd048c18/black-23.1.0-cp310-cp310-manylinux_2_17_x86_64.manylinux2014_x86_64.whl", hash = "sha256:e6663f91b6feca5d06f2ccd49a10f254f9298cc1f7f49c46e498a0771b507104"},
    {url = "https://files.pythonhosted.org/packages/c0/1d/8dac412cf5cc4120a438969a4fafefdc3de8fa13d411f317a9f9f1e268a4/black-23.1.0-cp39-cp39-win_amd64.whl", hash = "sha256:0680d4380db3719ebcfb2613f34e86c8e6d15ffeabcf8ec59355c5e7b85bb555"},
    {url = "https://files.pythonhosted.org/packages/cf/fe/dda4b7eedb9d4dc46e306b814f7838cd9026907fdc889f75eb9f6d47d414/black-23.1.0-cp310-cp310-macosx_10_16_x86_64.whl", hash = "sha256:9880d7d419bb7e709b37e28deb5e68a49227713b623c72b2b931028ea65f619b"},
    {url = "https://files.pythonhosted.org/packages/d0/cb/0a38ffdafbb4b3f337adaf1b79aeaf4b8a21ed18835acad6349e46c78c80/black-23.1.0-cp310-cp310-macosx_10_16_arm64.whl", hash = "sha256:b6a92a41ee34b883b359998f0c8e6eb8e99803aa8bf3123bf2b2e6fec505a221"},
    {url = "https://files.pythonhosted.org/packages/dd/19/875b5006e40ea69a4120671f50317100b24732f2b877203722c91bc4eef3/black-23.1.0-cp38-cp38-manylinux_2_17_x86_64.manylinux2014_x86_64.whl", hash = "sha256:162e37d49e93bd6eb6f1afc3e17a3d23a823042530c37c3c42eeeaf026f38468"},
    {url = "https://files.pythonhosted.org/packages/e6/0a/9a5fca4a2ca07d4dbc3b00445c9353f05ea182b000f68c9ad6ba1da87a47/black-23.1.0-cp38-cp38-macosx_10_16_universal2.whl", hash = "sha256:0052dba51dec07ed029ed61b18183942043e00008ec65d5028814afaab9a22fd"},
    {url = "https://files.pythonhosted.org/packages/f1/89/ccc28cb74a66c094b609295b009b5e0350c10b75661d2450eeed2f60ce37/black-23.1.0-cp311-cp311-macosx_10_16_x86_64.whl", hash = "sha256:382998821f58e5c8238d3166c492139573325287820963d2f7de4d518bd76958"},
]
"click 8.1.3" = [
    {url = "https://files.pythonhosted.org/packages/59/87/84326af34517fca8c58418d148f2403df25303e02736832403587318e9e8/click-8.1.3.tar.gz", hash = "sha256:7682dc8afb30297001674575ea00d1814d808d6a36af415a82bd481d37ba7b8e"},
    {url = "https://files.pythonhosted.org/packages/c2/f1/df59e28c642d583f7dacffb1e0965d0e00b218e0186d7858ac5233dce840/click-8.1.3-py3-none-any.whl", hash = "sha256:bb4d8133cb15a609f44e8213d9b391b0809795062913b383c62be0ee95b1db48"},
]
"colorama 0.4.6" = [
    {url = "https://files.pythonhosted.org/packages/d1/d6/3965ed04c63042e047cb6a3e6ed1a63a35087b6a609aa3a15ed8ac56c221/colorama-0.4.6-py2.py3-none-any.whl", hash = "sha256:4f1d9991f5acc0ca119f9d443620b77f9d6b33703e51011c16baf57afb285fc6"},
    {url = "https://files.pythonhosted.org/packages/d8/53/6f443c9a4a8358a93a6792e2acffb9d9d5cb0a5cfd8802644b7b1c9a02e4/colorama-0.4.6.tar.gz", hash = "sha256:08695f5cb7ed6e0531a20572697297273c47b8cae5a63ffc6d6ed5c201be6e44"},
]
"exceptiongroup 1.1.1" = [
    {url = "https://files.pythonhosted.org/packages/61/97/17ed81b7a8d24d8f69b62c0db37abbd8c0042d4b3fc429c73dab986e7483/exceptiongroup-1.1.1-py3-none-any.whl", hash = "sha256:232c37c63e4f682982c8b6459f33a8981039e5fb8756b2074364e5055c498c9e"},
    {url = "https://files.pythonhosted.org/packages/cc/38/57f14ddc8e8baeddd8993a36fe57ce7b4ba174c35048b9a6d270bb01e833/exceptiongroup-1.1.1.tar.gz", hash = "sha256:d484c3090ba2889ae2928419117447a14daf3c1231d5e30d0aae34f354f01785"},
]
"iniconfig 2.0.0" = [
    {url = "https://files.pythonhosted.org/packages/d7/4b/cbd8e699e64a6f16ca3a8220661b5f83792b3017d0f79807cb8708d33913/iniconfig-2.0.0.tar.gz", hash = "sha256:2d91e135bf72d31a410b17c16da610a82cb55f6b0477d1a902134b24a455b8b3"},
    {url = "https://files.pythonhosted.org/packages/ef/a6/62565a6e1cf69e10f5727360368e451d4b7f58beeac6173dc9db836a5b46/iniconfig-2.0.0-py3-none-any.whl", hash = "sha256:b6a85871a79d2e3b22d2d1b94ac2824226a63c6b741c88f7ae975f18b6778374"},
]
"lark 1.1.5" = [
    {url = "https://files.pythonhosted.org/packages/a2/25/8e16de418fc83bb00dabaf8c7110bc45a90bf5481a70aa5f1668fcea73bc/lark-1.1.5.tar.gz", hash = "sha256:4b534eae1f9af5b4ea000bea95776350befe1981658eea3820a01c37e504bb4d"},
    {url = "https://files.pythonhosted.org/packages/ac/c7/25e678cb94ac2b7be741272d5b2ae099e32e23f36d820e6feb8931b12382/lark-1.1.5-py3-none-any.whl", hash = "sha256:8476f9903e93fbde4f6c327f74d79e9b4bd0ed9294c5dfa3164ab8c581b5de2a"},
]
"macholib 1.16.2" = [
    {url = "https://files.pythonhosted.org/packages/46/92/bffe4576b383f20995ffb15edccf1c97d2e39f9a8c72136836407f099277/macholib-1.16.2.tar.gz", hash = "sha256:557bbfa1bb255c20e9abafe7ed6cd8046b48d9525db2f9b77d3122a63a2a8bf8"},
    {url = "https://files.pythonhosted.org/packages/5f/8c/8d7c7437f2799f570f9f4cb1fc974f671eff6fecd659f5e4097858a014ef/macholib-1.16.2-py2.py3-none-any.whl", hash = "sha256:44c40f2cd7d6726af8fa6fe22549178d3a4dfecc35a9cd15ea916d9c83a688e0"},
]
"mypy-extensions 1.0.0" = [
    {url = "https://files.pythonhosted.org/packages/2a/e2/5d3f6ada4297caebe1a2add3b126fe800c96f56dbe5d1988a2cbe0b267aa/mypy_extensions-1.0.0-py3-none-any.whl", hash = "sha256:4392f6c0eb8a5668a69e23d168ffa70f0be9ccfd32b5cc2d26a34ae5b844552d"},
    {url = "https://files.pythonhosted.org/packages/98/a4/1ab47638b92648243faf97a5aeb6ea83059cc3624972ab6b8d2316078d3f/mypy_extensions-1.0.0.tar.gz", hash = "sha256:75dbf8955dc00442a438fc4d0666508a9a97b6bd41aa2f0ffe9d2f2725af0782"},
]
"nlzss11 1.5" = [
    {url = "https://files.pythonhosted.org/packages/06/a7/f4028cc24054b7f48244033d16d5fd862abcbbf494956e00e252febbcca2/nlzss11-1.5-cp311-cp311-win_amd64.whl", hash = "sha256:6fb273117c390c52a5f3a674e7cf81fa0aff6e84f0de79e06b84f47abe9e53f9"},
    {url = "https://files.pythonhosted.org/packages/27/57/b0202dea8c1e37a4f814ef81946edabe77dbde59c7567a0d2cc938c72292/nlzss11-1.5-cp36-cp36m-manylinux_2_17_x86_64.manylinux2014_x86_64.whl", hash = "sha256:632c61099f128d203500698d286e98a277864c6ed0b50879390af00778323811"},
    {url = "https://files.pythonhosted.org/packages/27/d8/ab4928d4a7771687ce177c5cbe6db818b75b81c26530f28815053b688dee/nlzss11-1.5-cp38-cp38-win_amd64.whl", hash = "sha256:db9ae79ed415fdfc5ec9b406a9d1a81778d70d23a8f94b743c26f757d7bf25d5"},
    {url = "https://files.pythonhosted.org/packages/40/a5/2b407868c39d1f1fcea027ea6833a9e44c17633d62a5e047907f518fee05/nlzss11-1.5-cp37-cp37m-win_amd64.whl", hash = "sha256:ab27f0e60e66b0bde5a0365c48a4d329d90162c099874a390391bb6c9ce47c6c"},
    {url = "https://files.pythonhosted.org/packages/44/19/f46189524f62ad93cd0676fb71a3c25307e0cd43add399a3ad5de6d55c98/nlzss11-1.5-cp37-cp37m-manylinux_2_17_x86_64.manylinux2014_x86_64.whl", hash = "sha256:086ddeb1b8eaa41f94bec6cf5d6a3c496764afc8bfefcaa976fc1184f1a9e8ab"},
    {url = "https://files.pythonhosted.org/packages/92/f1/15e3618e591b1d38c59154c24fd23737c3bc2e9de232699fe8c126be102f/nlzss11-1.5-cp39-cp39-win_amd64.whl", hash = "sha256:fd8b53904eae6e7b4058c4e7e2bf3dee54d7c4490e05f6bdb72c3b4bb9c6b6b6"},
    {url = "https://files.pythonhosted.org/packages/ba/51/68979a32cfed45965415304733b3651e31ac428c965d7b8a9a42c77e05bd/nlzss11-1.5-cp310-cp310-manylinux_2_17_x86_64.manylinux2014_x86_64.whl", hash = "sha256:b4fdf796abc65481afc95e2fffb1701f1343cdc126573cad16b0d79e71c292b9"},
    {url = "https://files.pythonhosted.org/packages/c3/49/e24aae1eb4a230759d4f5877f2a9e66516cf08f37b2df3277811a7fdbfd9/nlzss11-1.5-cp38-cp38-manylinux_2_17_x86_64.manylinux2014_x86_64.whl", hash = "sha256:4592e9863087f1524802e93f0c2440ade31a0425609eb404af691a9f8ebae9a8"},
    {url = "https://files.pythonhosted.org/packages/cb/00/ba1e204952969fdb692209b72fb648f10a12ee62b4e334983669c2e7b073/nlzss11-1.5-cp36-cp36m-win_amd64.whl", hash = "sha256:b88b770db40a3ef1145e3ad64ffb5f0351cfb05201d4ee64577d78b2a3709d6f"},
    {url = "https://files.pythonhosted.org/packages/d9/b6/3eaa2e1232220004c20803ed2e22ea3d0877adcfe75bcaa81421381f28b9/nlzss11-1.5-cp310-cp310-win_amd64.whl", hash = "sha256:76ca27db076ec21e99d1d37ba280de6ecd7c48942d8406562fc7020953a0640d"},
    {url = "https://files.pythonhosted.org/packages/dc/4c/c13f9e5f63644551ccd0703915312adf5bd026029aa1c5047f9e92e0e07b/nlzss11-1.5.tar.gz", hash = "sha256:a016e1c3d974fe61aa42384e6ddf78af2b3c215cb53293ea6a36c93c5e85a86c"},
    {url = "https://files.pythonhosted.org/packages/e8/91/bfa0b61a6159f6a31f1c85ccf9177a1ec838e9e02fbe6f94d47a9c147a2c/nlzss11-1.5-cp39-cp39-manylinux_2_17_x86_64.manylinux2014_x86_64.whl", hash = "sha256:bd9f1e5574dffc546f1c237e0957bd4f38db82cdda95638264a3f8587e7b1a18"},
    {url = "https://files.pythonhosted.org/packages/ef/8f/169701640a56177afbf8e4bb38c1703bee378a082325cca532a4c733c946/nlzss11-1.5-cp311-cp311-manylinux_2_17_x86_64.manylinux2014_x86_64.whl", hash = "sha256:c38c6c3346b0118641623442b311e1abf007cf81dfdaa5f67541fd2cdd2be0f4"},
]
"packaging 23.0" = [
    {url = "https://files.pythonhosted.org/packages/47/d5/aca8ff6f49aa5565df1c826e7bf5e85a6df852ee063600c1efa5b932968c/packaging-23.0.tar.gz", hash = "sha256:b6ad297f8907de0fa2fe1ccbd26fdaf387f5f47c7275fedf8cce89f99446cf97"},
    {url = "https://files.pythonhosted.org/packages/ed/35/a31aed2993e398f6b09a790a181a7927eb14610ee8bbf02dc14d31677f1c/packaging-23.0-py3-none-any.whl", hash = "sha256:714ac14496c3e68c99c29b00845f7a2b85f3bb6f1078fd9f72fd20f0570002b2"},
]
"pathspec 0.11.1" = [
    {url = "https://files.pythonhosted.org/packages/95/60/d93628975242cc515ab2b8f5b2fc831d8be2eff32f5a1be4776d49305d13/pathspec-0.11.1.tar.gz", hash = "sha256:2798de800fa92780e33acca925945e9a19a133b715067cf165b8866c15a31687"},
    {url = "https://files.pythonhosted.org/packages/be/c8/551a803a6ebb174ec1c124e68b449b98a0961f0b737def601e3c1fbb4cfd/pathspec-0.11.1-py3-none-any.whl", hash = "sha256:d8af70af76652554bd134c22b3e8a1cc46ed7d91edcdd721ef1a0c51a84a5293"},
]
"pefile 2023.2.7" = [
    {url = "https://files.pythonhosted.org/packages/55/26/d0ad8b448476d0a1e8d3ea5622dc77b916db84c6aa3cb1e1c0965af948fc/pefile-2023.2.7-py3-none-any.whl", hash = "sha256:da185cd2af68c08a6cd4481f7325ed600a88f6a813bad9dea07ab3ef73d8d8d6"},
    {url = "https://files.pythonhosted.org/packages/78/c5/3b3c62223f72e2360737fd2a57c30e5b2adecd85e70276879609a7403334/pefile-2023.2.7.tar.gz", hash = "sha256:82e6114004b3d6911c77c3953e3838654b04511b8b66e8583db70c65998017dc"},
]
"platformdirs 3.2.0" = [
    {url = "https://files.pythonhosted.org/packages/15/04/3f882b46b454ab374ea75425c6f931e499150ec1385a73e55b3f45af615a/platformdirs-3.2.0.tar.gz", hash = "sha256:d5b638ca397f25f979350ff789db335903d7ea010ab28903f57b27e1b16c2b08"},
    {url = "https://files.pythonhosted.org/packages/b2/f3/4fb5fae710fc9f22a42cd90dc0547da18ec83e2e139294ab94f04c449cf5/platformdirs-3.2.0-py3-none-any.whl", hash = "sha256:ebe11c0d7a805086e99506aa331612429a72ca7cd52a1f0d277dc4adc20cb10e"},
]
"pluggy 1.0.0" = [
    {url = "https://files.pythonhosted.org/packages/9e/01/f38e2ff29715251cf25532b9082a1589ab7e4f571ced434f98d0139336dc/pluggy-1.0.0-py2.py3-none-any.whl", hash = "sha256:74134bbf457f031a36d68416e1509f34bd5ccc019f0bcc952c7b909d06b37bd3"},
    {url = "https://files.pythonhosted.org/packages/a1/16/db2d7de3474b6e37cbb9c008965ee63835bba517e22cdb8c35b5116b5ce1/pluggy-1.0.0.tar.gz", hash = "sha256:4224373bacce55f955a878bf9cfa763c1e360858e330072059e10bad68531159"},
]
"pyinstaller 5.9.0" = [
    {url = "https://files.pythonhosted.org/packages/02/77/b1047b4a837404eba02d5e2f1d0d91689b02e87398a9858d654cc6e39c56/pyinstaller-5.9.0-py3-none-manylinux2014_aarch64.whl", hash = "sha256:3b2c34c3c3ddf38f68d9f5afbed82abe0f89d53014c56892326fef10172ee652"},
    {url = "https://files.pythonhosted.org/packages/1b/99/043811ac182e326dcb7183bb52963b248100e48d9a5f38da3aa848567351/pyinstaller-5.9.0-py3-none-musllinux_1_1_x86_64.whl", hash = "sha256:d1ff94347183ae3755cfb8f02e64744eb7fe384469bd61e453c6ff59a81665d6"},
    {url = "https://files.pythonhosted.org/packages/3d/45/efff8a239f6cb544e7959ad0b5ff11d70697dc620ad85e5a878f4afa06b6/pyinstaller-5.9.0-py3-none-manylinux2014_s390x.whl", hash = "sha256:12ca6567be457826e14416637ea54485a185d0ce7a5a044df0d0daf588fff6d1"},
    {url = "https://files.pythonhosted.org/packages/47/c1/c635bf5a8cc17528a6015701a95f14b2490b662091123429e7e963943bef/pyinstaller-5.9.0-py3-none-macosx_10_13_universal2.whl", hash = "sha256:93d7e8443a6b60745d42aa50f08730f6b419410832b4c616c4f1bb315f087661"},
    {url = "https://files.pythonhosted.org/packages/4a/2a/ddf9447a17692d5a62180b170531d66b41e1a644e46f1d310d732af0d5ea/pyinstaller-5.9.0-py3-none-manylinux2014_i686.whl", hash = "sha256:dcd348b174fd72c4df271790ac582969c9423cb099fe92db9ec131a8a9243d5a"},
    {url = "https://files.pythonhosted.org/packages/86/75/7bb7831344ae0acba0489eb26e4ed85faf31bd5725a09f8123bf03da5688/pyinstaller-5.9.0-py3-none-manylinux2014_x86_64.whl", hash = "sha256:c7dd156c2438f197c168b990bbce03c97d3fb758dd9bbc3ca93626c2f4473a47"},
    {url = "https://files.pythonhosted.org/packages/87/0b/0b9cfa5ed2ffcb9f3ae4335c436e4e250a5ea4c4d7dac4a693ed7f2b14dd/pyinstaller-5.9.0.tar.gz", hash = "sha256:2bde16a8d664e8eba9aa7b84f729f7ab005c1793be4fe1986b3c9cad6c486622"},
    {url = "https://files.pythonhosted.org/packages/c2/86/b2b3108434fc173a5686abb4e2f19230a18226a24cb9576102002f35793b/pyinstaller-5.9.0-py3-none-win_amd64.whl", hash = "sha256:e7a4c292810285c2466f3bdcb1e03ba2170177ebe3d7054ff1af3bb348bf61a4"},
    {url = "https://files.pythonhosted.org/packages/c8/db/e2ee582e3d337a3e3f698d35703671777270e95f4238610c21a3bc6ab1e4/pyinstaller-5.9.0-py3-none-win32.whl", hash = "sha256:8476538aec8a0a3be4f74b93388bd6989b91cc437ff86d6f0d3a68961176dce6"},
    {url = "https://files.pythonhosted.org/packages/cb/4e/f1d16ff532ed9d6ab10f130e90bc7e085872a8594a7931b3f099f5dae22b/pyinstaller-5.9.0-py3-none-manylinux2014_ppc64le.whl", hash = "sha256:4b21b0298db44f5f07fc04d8ff81ec31efa47b72798efaecc4e811c50a102111"},
    {url = "https://files.pythonhosted.org/packages/cd/cc/731bf18a296c2b19d6195e06827a38c8d00a06750d557794b4e01f260fc4/pyinstaller-5.9.0-py3-none-win_arm64.whl", hash = "sha256:6cf6c032c72ef78fd9aa5e47d8952e784db45b2c3f7862bd44a99df68c216f64"},
    {url = "https://files.pythonhosted.org/packages/ee/04/6c820d88b61061ed7ba8d7bd5c5d9f51fb8eb43c86d522da77da9ba9b840/pyinstaller-5.9.0-py3-none-musllinux_1_1_aarch64.whl", hash = "sha256:2ba42038b3bd83e1fba7c8eb9e7cde43bd5938e37ca542c89e8779355d213f52"},
]
"pyinstaller-hooks-contrib 2023.1" = [
    {url = "https://files.pythonhosted.org/packages/50/c8/0ad1a591a9f25fbe388024d95eb3d0cb5234e0a138439bc4128d1dc6a557/pyinstaller-hooks-contrib-2023.1.tar.gz", hash = "sha256:ab56c192e7cd4472ff6b840cda4fc42bceccc7fb4234f064fc834a3248c0afdd"},
    {url = "https://files.pythonhosted.org/packages/db/06/b32922199cdb9fd152fe2fae38e93bb4d7a06d098950ae1c737a659e6d7d/pyinstaller_hooks_contrib-2023.1-py2.py3-none-any.whl", hash = "sha256:d2ea40a7105651aa525bfe5fe309aa264d4d9bb49f839b862243dcf0a56c34cd"},
]
"pyside6 6.4.3" = [
    {url = "https://files.pythonhosted.org/packages/30/04/3b3e241cbe7cc9c06f40e009d0c242fe87a026f9533cdd343a389b96c972/PySide6-6.4.3-pp39-pypy39_pp73-macosx_10_9_universal2.whl", hash = "sha256:73883c13bc44221507abc2b3d6a7bebbf0e067844f7d0a6e16b2df177aab89d8"},
    {url = "https://files.pythonhosted.org/packages/47/3e/f1aaf54a8c1006c906b4dde734274074ddaf28b91e33e1b8794f4701b121/PySide6-6.4.3-cp37-abi3-manylinux_2_28_x86_64.whl", hash = "sha256:706324dd7a16854073c3b08de608f9ced868d567b8b202a88b7b9985f54ef30c"},
    {url = "https://files.pythonhosted.org/packages/73/0b/1bf7737416412491a2c30c6b054d9b66f0bd1573c0d8b83b4ebff40ab853/PySide6-6.4.3-pp39-pypy39_pp73-manylinux_2_28_x86_64.whl", hash = "sha256:bc37b7790ca69b0813b86d3c70c39db740a0d15dc1fc7dbb8e6a0499a96c6461"},
    {url = "https://files.pythonhosted.org/packages/7e/df/2e961ed8a9308fe1fe5887e7ff4a866ef289ff93840ee42986dad3dbd768/PySide6-6.4.3-cp37-abi3-win_amd64.whl", hash = "sha256:1c1c7e6fb8e2d0fe041e278beefdb033c364e67867565f824d4dc40352906f42"},
    {url = "https://files.pythonhosted.org/packages/84/0d/948b1d19adb554bd7ca726a2c8a4513edaca3c2de795d371868b5fdb063e/PySide6-6.4.3-cp37-abi3-macosx_10_9_universal2.whl", hash = "sha256:1389e818ecf794b52b570e4617c0813865fd9a790ee077fedabbd8aac6da7416"},
    {url = "https://files.pythonhosted.org/packages/86/af/0e27f20f245c5997d3cc5a3f014e81e75a24fcb98022fcbf202aa0c15eff/PySide6-6.4.3-pp39-pypy39_pp73-win_amd64.whl", hash = "sha256:137831ed89f79ff8c68d21457abbee82f61dedacc19bbefc8eb7d80da1703aad"},
]
"pyside6-addons 6.4.3" = [
    {url = "https://files.pythonhosted.org/packages/3b/37/9cfd7a263b4c79a0b3592c5479f881dbca905d0c9737466083a2c68b1710/PySide6_Addons-6.4.3-pp39-pypy39_pp73-manylinux_2_28_x86_64.whl", hash = "sha256:9d9a607b7c233077f907baa326f55759427a3ae47efff0ca19e72007778e15e1"},
    {url = "https://files.pythonhosted.org/packages/62/23/6fa72ec9586e142f1bc0ced6219a42fe75057c59ab59c84f8e836d99fe6e/PySide6_Addons-6.4.3-cp37-abi3-manylinux_2_28_x86_64.whl", hash = "sha256:062593d7810bb53e51c1268b8cba23e47e4600afba0e981a26b57ff05617b1c6"},
    {url = "https://files.pythonhosted.org/packages/73/84/cb254b9365e79ff8c1d043cee7a0ff49bcd33ddbcc8e03bb07d73ff83cbd/PySide6_Addons-6.4.3-pp39-pypy39_pp73-macosx_10_9_universal2.whl", hash = "sha256:b95e6a98b1a71aaa2bc97e4a6a4e18e78d6141ff161eff598a3b85850eaacd4a"},
    {url = "https://files.pythonhosted.org/packages/7d/d2/5a4758942cd2a2df249abad04ca0e910c9435cfb3c6159b615b02de20b1c/PySide6_Addons-6.4.3-cp37-abi3-macosx_10_9_universal2.whl", hash = "sha256:60781372ccf9f9cbc2a1aa7a41318111c92850f2434dbfbf6fa215a89681de1e"},
    {url = "https://files.pythonhosted.org/packages/8d/72/54935a04b44999e714cc0fdcae313b1098ffafe8e44028ef9418c39f3dcf/PySide6_Addons-6.4.3-cp37-abi3-win_amd64.whl", hash = "sha256:493527ed86ee903e496f761da66edc7c237e12a8465d62075fe206b2874585e8"},
    {url = "https://files.pythonhosted.org/packages/fb/f6/ec22e59e4273f87a08ee3792efc2ea5d3bd4841420e6d94f1ca66bac2872/PySide6_Addons-6.4.3-pp39-pypy39_pp73-win_amd64.whl", hash = "sha256:4e0d0ab705a481e7b4714f06b3648818a0ef80404ea976becea43a13280cc7f3"},
]
"pyside6-essentials 6.4.3" = [
    {url = "https://files.pythonhosted.org/packages/0e/2f/8dc433663f18978a6cbe21227792a90f614644cd5eec7ddb94bd2921631d/PySide6_Essentials-6.4.3-cp37-abi3-macosx_10_9_universal2.whl", hash = "sha256:62f7f80e99eaaa3b3f7014170bf01c2fa2e76955805f24c443630abc10793abb"},
    {url = "https://files.pythonhosted.org/packages/23/b4/d571bd553f8ac71956cb29706d0b61bd15d9cbced40bee6b651d8bb74738/PySide6_Essentials-6.4.3-cp37-abi3-win_amd64.whl", hash = "sha256:9e1964de12b6ea351c69032a6e15dcc29f48d561dfd579e67adc15bad3be1d45"},
    {url = "https://files.pythonhosted.org/packages/51/23/44fe28b2b7ee64cb53b72ab3b559cb41986a218e98d1fe298bedf903898e/PySide6_Essentials-6.4.3-cp37-abi3-manylinux_2_28_x86_64.whl", hash = "sha256:7983cf2152dfebf3c2d0767d12e452c4bd0809aa53777fef949a7ff4b0ef8a49"},
    {url = "https://files.pythonhosted.org/packages/97/18/d684679e6e93afd602d684434bca11e6b064b8ba1431ccd0f0129252b662/PySide6_Essentials-6.4.3-pp39-pypy39_pp73-macosx_10_9_universal2.whl", hash = "sha256:c41cbef7a25c67da11b6f6281e60f59c21a198c1da471821e43963e1b8f196f7"},
    {url = "https://files.pythonhosted.org/packages/a2/81/0608491f03a3f4ceb40aa5b9d9934669b60aae42f050b8e473fb3622986f/PySide6_Essentials-6.4.3-pp39-pypy39_pp73-manylinux_2_28_x86_64.whl", hash = "sha256:c07e5c425b8720fe8ecdbd46f36d7ab90ffbe27ac0258fea326dcf153484b3c7"},
    {url = "https://files.pythonhosted.org/packages/ca/4c/8118c904ffb96e3e5435c0ed0a5b20f5c035c5aa536f93220712536b6fe6/PySide6_Essentials-6.4.3-pp39-pypy39_pp73-win_amd64.whl", hash = "sha256:cadd2197f534f7ff55c7718ce50c61ab6d13270449dfde8e27f46b9500b9fe56"},
]
"pytest 7.2.2" = [
    {url = "https://files.pythonhosted.org/packages/b2/68/5321b5793bd506961bd40bdbdd0674e7de4fb873ee7cab33dd27283ad513/pytest-7.2.2-py3-none-any.whl", hash = "sha256:130328f552dcfac0b1cec75c12e3f005619dc5f874f0a06e8ff7263f0ee6225e"},
    {url = "https://files.pythonhosted.org/packages/b9/29/311895d9cd3f003dd58e8fdea36dd895ba2da5c0c90601836f7de79f76fe/pytest-7.2.2.tar.gz", hash = "sha256:c99ab0c73aceb050f68929bc93af19ab6db0558791c6a0715723abe9d0ade9d4"},
]
"pywin32-ctypes 0.2.0" = [
    {url = "https://files.pythonhosted.org/packages/7a/7d/0dbc4c99379452a819b0fb075a0ffbb98611df6b6d59f54db67367af5bc0/pywin32-ctypes-0.2.0.tar.gz", hash = "sha256:24ffc3b341d457d48e8922352130cf2644024a4ff09762a2261fd34c36ee5942"},
    {url = "https://files.pythonhosted.org/packages/9e/4b/3ab2720f1fa4b4bc924ef1932b842edf10007e4547ea8157b0b9fc78599a/pywin32_ctypes-0.2.0-py2.py3-none-any.whl", hash = "sha256:9dc2d991b3479cc2df15930958b674a48a227d5361d413827a4cfd0b5876fc98"},
]
"pyyaml 6.0" = [
    {url = "https://files.pythonhosted.org/packages/02/25/6ba9f6bb50a3d4fbe22c1a02554dc670682a07c8701d1716d19ddea2c940/PyYAML-6.0-cp310-cp310-manylinux_2_5_x86_64.manylinux1_x86_64.manylinux_2_12_x86_64.manylinux2010_x86_64.whl", hash = "sha256:f84fbc98b019fef2ee9a1cb3ce93e3187a6df0b2538a651bfb890254ba9f90b5"},
    {url = "https://files.pythonhosted.org/packages/08/f4/ffa743f860f34a5e8c60abaaa686f82c9ac7a2b50e5a1c3b1eb564d59159/PyYAML-6.0-cp39-cp39-win_amd64.whl", hash = "sha256:b3d267842bf12586ba6c734f89d1f5b871df0273157918b0ccefa29deb05c21c"},
    {url = "https://files.pythonhosted.org/packages/0f/93/5f81d1925ce3b531f5ff215376445ec220887cd1c9a8bde23759554dbdfd/PyYAML-6.0-cp310-cp310-win32.whl", hash = "sha256:2cd5df3de48857ed0544b34e2d40e9fac445930039f3cfe4bcc592a1f836d513"},
    {url = "https://files.pythonhosted.org/packages/12/fc/a4d5a7554e0067677823f7265cb3ae22aed8a238560b5133b58cda252dad/PyYAML-6.0-cp39-cp39-manylinux_2_5_x86_64.manylinux1_x86_64.manylinux_2_12_x86_64.manylinux2010_x86_64.whl", hash = "sha256:40527857252b61eacd1d9af500c3337ba8deb8fc298940291486c465c8b46ec0"},
    {url = "https://files.pythonhosted.org/packages/21/67/b42191239c5650c9e419c4a08a7a022bbf1abf55b0391c380a72c3af5462/PyYAML-6.0-cp39-cp39-manylinux_2_17_aarch64.manylinux2014_aarch64.whl", hash = "sha256:d67d839ede4ed1b28a4e8909735fc992a923cdb84e618544973d7dfc71540803"},
    {url = "https://files.pythonhosted.org/packages/2e/b3/13dfd4eeb5e4b2d686b6d1822b40702e991bf3a4194ca5cbcce8d43749db/PyYAML-6.0-cp39-cp39-win32.whl", hash = "sha256:b5b9eccad747aabaaffbc6064800670f0c297e52c12754eb1d976c57e4f74dcb"},
    {url = "https://files.pythonhosted.org/packages/36/2b/61d51a2c4f25ef062ae3f74576b01638bebad5e045f747ff12643df63844/PyYAML-6.0.tar.gz", hash = "sha256:68fb519c14306fec9720a2a5b45bc9f0c8d1b9c72adf45c37baedfcd949c35a2"},
    {url = "https://files.pythonhosted.org/packages/44/e5/4fea13230bcebf24b28c0efd774a2dd65a0937a2d39e94a4503438b078ed/PyYAML-6.0-cp310-cp310-macosx_10_9_x86_64.whl", hash = "sha256:d4db7c7aef085872ef65a8fd7d6d09a14ae91f691dec3e87ee5ee0539d516f53"},
    {url = "https://files.pythonhosted.org/packages/4d/7d/c2ab8da648cd2b937de11fb35649b127adab4851cbeaf5fd9b60a2dab0f7/PyYAML-6.0-cp36-cp36m-win32.whl", hash = "sha256:0283c35a6a9fbf047493e3a0ce8d79ef5030852c51e9d911a27badfde0605293"},
    {url = "https://files.pythonhosted.org/packages/55/e3/507a92589994a5b3c3d7f2a7a066339d6ff61c5c839bae56f7eff03d9c7b/PyYAML-6.0-cp36-cp36m-macosx_10_9_x86_64.whl", hash = "sha256:897b80890765f037df3403d22bab41627ca8811ae55e9a722fd0392850ec4d86"},
    {url = "https://files.pythonhosted.org/packages/56/8f/e8b49ad21d26111493dc2d5cae4d7efbd0e2e065440665f5023515f87f64/PyYAML-6.0-cp311-cp311-manylinux_2_17_x86_64.manylinux2014_x86_64.whl", hash = "sha256:432557aa2c09802be39460360ddffd48156e30721f5e8d917f01d31694216782"},
    {url = "https://files.pythonhosted.org/packages/59/00/30e33fcd2a4562cd40c49c7740881009240c5cbbc0e41ca79ca4bba7c24b/PyYAML-6.0-cp311-cp311-win_amd64.whl", hash = "sha256:01b45c0191e6d66c470b6cf1b9531a771a83c1c4208272ead47a3ae4f2f603bf"},
    {url = "https://files.pythonhosted.org/packages/5e/f4/7b4bb01873be78fc9fde307f38f62e380b7111862c165372cf094ca2b093/PyYAML-6.0-cp310-cp310-manylinux_2_17_aarch64.manylinux2014_aarch64.whl", hash = "sha256:77f396e6ef4c73fdc33a9157446466f1cff553d979bd00ecb64385760c6babdc"},
    {url = "https://files.pythonhosted.org/packages/63/6b/f5dc7942bac17192f4ef00b2d0cdd1ae45eea453d05c1944c0573debe945/PyYAML-6.0-cp38-cp38-manylinux_2_17_s390x.manylinux2014_s390x.whl", hash = "sha256:9fa600030013c4de8165339db93d182b9431076eb98eb40ee068700c9c813e34"},
    {url = "https://files.pythonhosted.org/packages/67/d4/b95266228a25ef5bd70984c08b4efce2c035a4baa5ccafa827b266e3dc36/PyYAML-6.0-cp39-cp39-macosx_11_0_arm64.whl", hash = "sha256:e61ceaab6f49fb8bdfaa0f92c4b57bcfbea54c09277b1b4f7ac376bfb7a7c174"},
    {url = "https://files.pythonhosted.org/packages/68/3f/c027422e49433239267c62323fbc6320d6ac8d7d50cf0cb2a376260dad5f/PyYAML-6.0-cp311-cp311-manylinux_2_17_s390x.manylinux2014_s390x.whl", hash = "sha256:dbad0e9d368bb989f4515da330b88a057617d16b6a8245084f1b05400f24609f"},
    {url = "https://files.pythonhosted.org/packages/6c/3d/524c642f3db37e7e7ab8d13a3f8b0c72d04a619abc19100097d987378fc6/PyYAML-6.0-cp38-cp38-manylinux_2_17_aarch64.manylinux2014_aarch64.whl", hash = "sha256:213c60cd50106436cc818accf5baa1aba61c0189ff610f64f4a3e8c6726218ba"},
    {url = "https://files.pythonhosted.org/packages/74/68/3c13deaa496c14a030c431b7b828d6b343f79eb241b4848c7918091a64a2/PyYAML-6.0-cp36-cp36m-manylinux_2_17_s390x.manylinux2014_s390x.whl", hash = "sha256:48c346915c114f5fdb3ead70312bd042a953a8ce5c7106d5bfb1a5254e47da92"},
    {url = "https://files.pythonhosted.org/packages/77/da/e845437ffe0dffae4e7562faf23a4f264d886431c5d2a2816c853288dc8e/PyYAML-6.0-cp39-cp39-manylinux_2_17_s390x.manylinux2014_s390x.whl", hash = "sha256:cba8c411ef271aa037d7357a2bc8f9ee8b58b9965831d9e51baf703280dc73d3"},
    {url = "https://files.pythonhosted.org/packages/7f/d9/6a0d14ac8d3b5605dc925d177c1d21ee9f0b7b39287799db1e50d197b2f4/PyYAML-6.0-cp311-cp311-manylinux_2_17_aarch64.manylinux2014_aarch64.whl", hash = "sha256:afa17f5bc4d1b10afd4466fd3a44dc0e245382deca5b3c353d8b757f9e3ecb8d"},
    {url = "https://files.pythonhosted.org/packages/81/59/561f7e46916b78f3c4cab8d0c307c81656f11e32c846c0c97fda0019ed76/PyYAML-6.0-cp37-cp37m-manylinux_2_17_s390x.manylinux2014_s390x.whl", hash = "sha256:0ce82d761c532fe4ec3f87fc45688bdd3a4c1dc5e0b4a19814b9009a29baefd4"},
    {url = "https://files.pythonhosted.org/packages/89/26/0bfd7b756b34c68f8fd158b7bc762b6b1705fc1b3cebf4cdbb53fd9ea75b/PyYAML-6.0-cp36-cp36m-win_amd64.whl", hash = "sha256:07751360502caac1c067a8132d150cf3d61339af5691fe9e87803040dbc5db57"},
    {url = "https://files.pythonhosted.org/packages/91/49/d46d7b15cddfa98533e89f3832f391aedf7e31f37b4d4df3a7a7855a7073/PyYAML-6.0-cp310-cp310-macosx_11_0_arm64.whl", hash = "sha256:9df7ed3b3d2e0ecfe09e14741b857df43adb5a3ddadc919a2d94fbdf78fea53c"},
    {url = "https://files.pythonhosted.org/packages/9d/f6/7e91fbb58c9ee528759aea5892e062cccb426720c5830ddcce92eba00ff1/PyYAML-6.0-cp37-cp37m-macosx_10_9_x86_64.whl", hash = "sha256:819b3830a1543db06c4d4b865e70ded25be52a2e0631ccd2f6a47a2822f2fd7c"},
    {url = "https://files.pythonhosted.org/packages/a4/ba/e508fc780e3c94c12753a54fe8f74de535741a10d33b29a576a9bec03500/PyYAML-6.0-cp38-cp38-win32.whl", hash = "sha256:d4eccecf9adf6fbcc6861a38015c2a64f38b9d94838ac1810a9023a0609e1b78"},
    {url = "https://files.pythonhosted.org/packages/a4/e6/4d7a01bc0730c8f958a62d6a4c4f3df23b6139ad68c132b168970d84f192/PyYAML-6.0-cp37-cp37m-win32.whl", hash = "sha256:c5687b8d43cf58545ade1fe3e055f70eac7a5a1a0bf42824308d868289a95737"},
    {url = "https://files.pythonhosted.org/packages/a8/32/1bbe38477fb23f1d83041fefeabf93ef1cd6f0efcf44c221519507315d92/PyYAML-6.0-cp36-cp36m-manylinux_2_17_aarch64.manylinux2014_aarch64.whl", hash = "sha256:50602afada6d6cbfad699b0c7bb50d5ccffa7e46a3d738092afddc1f9758427f"},
    {url = "https://files.pythonhosted.org/packages/a8/5b/c4d674846ea4b07ee239fbf6010bcc427c4e4552ba5655b446e36b9a40a7/PyYAML-6.0-cp38-cp38-win_amd64.whl", hash = "sha256:1e4747bc279b4f613a09eb64bba2ba602d8a6664c6ce6396a4d0cd413a50ce07"},
    {url = "https://files.pythonhosted.org/packages/b3/85/79b9e5b4e8d3c0ac657f4e8617713cca8408f6cdc65d2ee6554217cedff1/PyYAML-6.0-cp36-cp36m-manylinux_2_5_x86_64.manylinux1_x86_64.manylinux_2_12_x86_64.manylinux2010_x86_64.whl", hash = "sha256:98c4d36e99714e55cfbaaee6dd5badbc9a1ec339ebfc3b1f52e293aee6bb71a4"},
    {url = "https://files.pythonhosted.org/packages/b7/09/2f6f4851bbca08642fef087bade095edc3c47f28d1e7bff6b20de5262a77/PyYAML-6.0-cp310-cp310-win_amd64.whl", hash = "sha256:daf496c58a8c52083df09b80c860005194014c3698698d1a57cbcfa182142a3a"},
    {url = "https://files.pythonhosted.org/packages/cb/5f/05dd91f5046e2256e35d885f3b8f0f280148568f08e1bf20421887523e9a/PyYAML-6.0-cp311-cp311-macosx_11_0_arm64.whl", hash = "sha256:81957921f441d50af23654aa6c5e5eaf9b06aba7f0a19c18a538dc7ef291c5a1"},
    {url = "https://files.pythonhosted.org/packages/d1/c0/4fe04181b0210ee2647cfbb89ecd10a36eef89f10d8aca6a192c201bbe58/PyYAML-6.0-cp37-cp37m-win_amd64.whl", hash = "sha256:d15a181d1ecd0d4270dc32edb46f7cb7733c7c508857278d3d378d14d606db2d"},
    {url = "https://files.pythonhosted.org/packages/d7/42/7ad4b6d67a16229496d4f6e74201bdbebcf4bc1e87d5a70c9297d4961bd2/PyYAML-6.0-cp38-cp38-manylinux_2_5_x86_64.manylinux1_x86_64.manylinux_2_12_x86_64.manylinux2010_x86_64.whl", hash = "sha256:277a0ef2981ca40581a47093e9e2d13b3f1fbbeffae064c1d21bfceba2030287"},
    {url = "https://files.pythonhosted.org/packages/db/4e/74bc723f2d22677387ab90cd9139e62874d14211be7172ed8c9f9a7c81a9/PyYAML-6.0-cp38-cp38-macosx_10_9_x86_64.whl", hash = "sha256:0b4624f379dab24d3725ffde76559cff63d9ec94e1736b556dacdfebe5ab6d4b"},
    {url = "https://files.pythonhosted.org/packages/df/75/ee0565bbf65133e5b6ffa154db43544af96ea4c42439e6b58c1e0eb44b4e/PyYAML-6.0-cp37-cp37m-manylinux_2_17_aarch64.manylinux2014_aarch64.whl", hash = "sha256:473f9edb243cb1935ab5a084eb238d842fb8f404ed2193a915d1784b5a6b5fc0"},
    {url = "https://files.pythonhosted.org/packages/eb/5f/6e6fe6904e1a9c67bc2ca5629a69e7a5a0b17f079da838bab98a1e548b25/PyYAML-6.0-cp37-cp37m-manylinux_2_5_x86_64.manylinux1_x86_64.manylinux_2_12_x86_64.manylinux2010_x86_64.whl", hash = "sha256:231710d57adfd809ef5d34183b8ed1eeae3f76459c18fb4a0b373ad56bedcdd9"},
    {url = "https://files.pythonhosted.org/packages/ef/ad/b443cce94539e57e1a745a845f95c100ad7b97593d7e104051e43f730ecd/PyYAML-6.0-cp310-cp310-manylinux_2_17_s390x.manylinux2014_s390x.whl", hash = "sha256:a80a78046a72361de73f8f395f1f1e49f956c6be882eed58505a15f3e430962b"},
    {url = "https://files.pythonhosted.org/packages/f5/6f/b8b4515346af7c33d3b07cd8ca8ea0700ca72e8d7a750b2b87ac0268ca4e/PyYAML-6.0-cp39-cp39-macosx_10_9_x86_64.whl", hash = "sha256:055d937d65826939cb044fc8c9b08889e8c743fdc6a32b33e2390f66013e449b"},
    {url = "https://files.pythonhosted.org/packages/f8/54/799b059314b13e1063473f76e908f44106014d18f54b16c83a16edccd5ec/PyYAML-6.0-cp311-cp311-macosx_10_9_x86_64.whl", hash = "sha256:d4b0ba9512519522b118090257be113b9468d804b19d63c71dbcf4a48fa32358"},
    {url = "https://files.pythonhosted.org/packages/fc/48/531ecd926fe0a374346dd811bf1eda59a95583595bb80eadad511f3269b8/PyYAML-6.0-cp311-cp311-win32.whl", hash = "sha256:bfaef573a63ba8923503d27530362590ff4f576c626d86a9fed95822a8255fd7"},
]
"setuptools 67.6.0" = [
    {url = "https://files.pythonhosted.org/packages/25/f3/d68c20919bc774c6cb127f1762f2f2f999d700a58198556e883dd3700e58/setuptools-67.6.0.tar.gz", hash = "sha256:2ee892cd5f29f3373097f5a814697e397cf3ce313616df0af11231e2ad118077"},
    {url = "https://files.pythonhosted.org/packages/c3/9e/8a7ba2c9984a060daa6c6f9fff4d576b7ace3936239d6b771541eab972ed/setuptools-67.6.0-py3-none-any.whl", hash = "sha256:b78aaa36f6b90a074c1fa651168723acbf45d14cb1196b6f02c0fd07f17623b2"},
]
"shiboken6 6.4.3" = [
    {url = "https://files.pythonhosted.org/packages/4e/0c/7917a439bb2be3849629feea596dbecc9ea20bcb953a1b78d9ba600c1c10/shiboken6-6.4.3-pp39-pypy39_pp73-macosx_10_9_universal2.whl", hash = "sha256:6504ed8b01bde387cebc035687deae77a0bddcef3339e2e5b0e5bf9e6258e860"},
    {url = "https://files.pythonhosted.org/packages/75/a6/f341c7189212219468123c124657b0587d7b7b326ceeb477ae54cb4bdc0c/shiboken6-6.4.3-pp39-pypy39_pp73-manylinux_2_28_x86_64.whl", hash = "sha256:73af15fa9f6b7305849116308923d437354ecabefc0546dc514901ec3bae4d89"},
    {url = "https://files.pythonhosted.org/packages/c4/43/a2e263ca97ddeb0f4b5d6c3a0aa79e2c9cf325d20683b7020964e75d41d5/shiboken6-6.4.3-cp37-abi3-macosx_10_9_universal2.whl", hash = "sha256:0b6d6a571131b94546aa784dc00221ba7afc90515354eaae65525753a84b6c4a"},
    {url = "https://files.pythonhosted.org/packages/c5/bb/c517455712ce36556381efca7292d8cdbedbe57710cdbe4c3fb315cd6947/shiboken6-6.4.3-pp39-pypy39_pp73-win_amd64.whl", hash = "sha256:4a63978b1a4ffed32776413a213a0f4e0a7fde2ebe06ac2ac70f99103fed185b"},
    {url = "https://files.pythonhosted.org/packages/d1/79/d7c785476a84b058841f947071bbcb97cc61e1bd33f8d7149e004c75b51d/shiboken6-6.4.3-cp37-abi3-win_amd64.whl", hash = "sha256:0fee602ba02a0d1a6e4d4a69ddc5375ec7bed2ac5b51f06266a919d896517ee5"},
    {url = "https://files.pythonhosted.org/packages/f9/52/4461d3d5cabfaeb56562d72a4b1013ecf1fd7be2ef7bebdc7649d56ab1b8/shiboken6-6.4.3-cp37-abi3-manylinux_2_28_x86_64.whl", hash = "sha256:74570273004d2e481e55618150dfaee7ae253027b438066e216b339fae1e999a"},
]
"toml 0.10.2" = [
    {url = "https://files.pythonhosted.org/packages/44/6f/7120676b6d73228c96e17f1f794d8ab046fc910d781c8d151120c3f1569e/toml-0.10.2-py2.py3-none-any.whl", hash = "sha256:806143ae5bfb6a3c6e736a764057db0e6a0e05e338b5630894a5f779cabb4f9b"},
    {url = "https://files.pythonhosted.org/packages/be/ba/1f744cdc819428fc6b5084ec34d9b30660f6f9daaf70eead706e3203ec3c/toml-0.10.2.tar.gz", hash = "sha256:b3bda1d108d5dd99f4a20d24d9c348e91c4db7ab1b749200bded2f839ccbe68f"},
]
"tomli 2.0.1" = [
    {url = "https://files.pythonhosted.org/packages/97/75/10a9ebee3fd790d20926a90a2547f0bf78f371b2f13aa822c759680ca7b9/tomli-2.0.1-py3-none-any.whl", hash = "sha256:939de3e7a6161af0c887ef91b7d41a53e7c5a1ca976325f429cb46ea9bc30ecc"},
    {url = "https://files.pythonhosted.org/packages/c0/3f/d7af728f075fb08564c5949a9c95e44352e23dee646869fa104a3b2060a3/tomli-2.0.1.tar.gz", hash = "sha256:de526c12914f0c550d15924c62d72abc48d6fe7364aa87328337a31007fe8a4f"},
]
"typing-extensions 4.5.0" = [
    {url = "https://files.pythonhosted.org/packages/31/25/5abcd82372d3d4a3932e1fa8c3dbf9efac10cc7c0d16e78467460571b404/typing_extensions-4.5.0-py3-none-any.whl", hash = "sha256:fb33085c39dd998ac16d1431ebc293a8b3eedd00fd4a32de0ff79002c19511b4"},
    {url = "https://files.pythonhosted.org/packages/d3/20/06270dac7316220643c32ae61694e451c98f8caf4c8eab3aa80a2bedf0df/typing_extensions-4.5.0.tar.gz", hash = "sha256:5cb5f4a79139d699607b3ef622a1dedafa84e115ab0024e0d9c044a9479ca7cb"},
]
