# This file is automatically @generated by Poetry 1.7.0 and should not be changed by hand.

[[package]]
name = "altgraph"
version = "0.17.4"
description = "Python graph (network) package"
optional = false
python-versions = "*"
files = [
    {file = "altgraph-0.17.4-py2.py3-none-any.whl", hash = "sha256:642743b4750de17e655e6711601b077bc6598dbfa3ba5fa2b2a35ce12b508dff"},
    {file = "altgraph-0.17.4.tar.gz", hash = "sha256:1b5afbb98f6c4dcadb2e2ae6ab9fa994bbb8c1d75f4fa96d340f9437ae454406"},
]

[[package]]
name = "black"
version = "24.2.0"
description = "The uncompromising code formatter."
optional = false
python-versions = ">=3.8"
files = [
    {file = "black-24.2.0-cp310-cp310-macosx_10_9_x86_64.whl", hash = "sha256:6981eae48b3b33399c8757036c7f5d48a535b962a7c2310d19361edeef64ce29"},
    {file = "black-24.2.0-cp310-cp310-macosx_11_0_arm64.whl", hash = "sha256:d533d5e3259720fdbc1b37444491b024003e012c5173f7d06825a77508085430"},
    {file = "black-24.2.0-cp310-cp310-manylinux_2_17_x86_64.manylinux2014_x86_64.whl", hash = "sha256:61a0391772490ddfb8a693c067df1ef5227257e72b0e4108482b8d41b5aee13f"},
    {file = "black-24.2.0-cp310-cp310-win_amd64.whl", hash = "sha256:992e451b04667116680cb88f63449267c13e1ad134f30087dec8527242e9862a"},
    {file = "black-24.2.0-cp311-cp311-macosx_10_9_x86_64.whl", hash = "sha256:163baf4ef40e6897a2a9b83890e59141cc8c2a98f2dda5080dc15c00ee1e62cd"},
    {file = "black-24.2.0-cp311-cp311-macosx_11_0_arm64.whl", hash = "sha256:e37c99f89929af50ffaf912454b3e3b47fd64109659026b678c091a4cd450fb2"},
    {file = "black-24.2.0-cp311-cp311-manylinux_2_17_x86_64.manylinux2014_x86_64.whl", hash = "sha256:4f9de21bafcba9683853f6c96c2d515e364aee631b178eaa5145fc1c61a3cc92"},
    {file = "black-24.2.0-cp311-cp311-win_amd64.whl", hash = "sha256:9db528bccb9e8e20c08e716b3b09c6bdd64da0dd129b11e160bf082d4642ac23"},
    {file = "black-24.2.0-cp312-cp312-macosx_10_9_x86_64.whl", hash = "sha256:d84f29eb3ee44859052073b7636533ec995bd0f64e2fb43aeceefc70090e752b"},
    {file = "black-24.2.0-cp312-cp312-macosx_11_0_arm64.whl", hash = "sha256:1e08fb9a15c914b81dd734ddd7fb10513016e5ce7e6704bdd5e1251ceee51ac9"},
    {file = "black-24.2.0-cp312-cp312-manylinux_2_17_x86_64.manylinux2014_x86_64.whl", hash = "sha256:810d445ae6069ce64030c78ff6127cd9cd178a9ac3361435708b907d8a04c693"},
    {file = "black-24.2.0-cp312-cp312-win_amd64.whl", hash = "sha256:ba15742a13de85e9b8f3239c8f807723991fbfae24bad92d34a2b12e81904982"},
    {file = "black-24.2.0-cp38-cp38-macosx_10_9_x86_64.whl", hash = "sha256:7e53a8c630f71db01b28cd9602a1ada68c937cbf2c333e6ed041390d6968faf4"},
    {file = "black-24.2.0-cp38-cp38-macosx_11_0_arm64.whl", hash = "sha256:93601c2deb321b4bad8f95df408e3fb3943d85012dddb6121336b8e24a0d1218"},
    {file = "black-24.2.0-cp38-cp38-manylinux_2_17_x86_64.manylinux2014_x86_64.whl", hash = "sha256:a0057f800de6acc4407fe75bb147b0c2b5cbb7c3ed110d3e5999cd01184d53b0"},
    {file = "black-24.2.0-cp38-cp38-win_amd64.whl", hash = "sha256:faf2ee02e6612577ba0181f4347bcbcf591eb122f7841ae5ba233d12c39dcb4d"},
    {file = "black-24.2.0-cp39-cp39-macosx_10_9_x86_64.whl", hash = "sha256:057c3dc602eaa6fdc451069bd027a1b2635028b575a6c3acfd63193ced20d9c8"},
    {file = "black-24.2.0-cp39-cp39-macosx_11_0_arm64.whl", hash = "sha256:08654d0797e65f2423f850fc8e16a0ce50925f9337fb4a4a176a7aa4026e63f8"},
    {file = "black-24.2.0-cp39-cp39-manylinux_2_17_x86_64.manylinux2014_x86_64.whl", hash = "sha256:ca610d29415ee1a30a3f30fab7a8f4144e9d34c89a235d81292a1edb2b55f540"},
    {file = "black-24.2.0-cp39-cp39-win_amd64.whl", hash = "sha256:4dd76e9468d5536abd40ffbc7a247f83b2324f0c050556d9c371c2b9a9a95e31"},
    {file = "black-24.2.0-py3-none-any.whl", hash = "sha256:e8a6ae970537e67830776488bca52000eaa37fa63b9988e8c487458d9cd5ace6"},
    {file = "black-24.2.0.tar.gz", hash = "sha256:bce4f25c27c3435e4dace4815bcb2008b87e167e3bf4ee47ccdc5ce906eb4894"},
]

[package.dependencies]
click = ">=8.0.0"
mypy-extensions = ">=0.4.3"
packaging = ">=22.0"
pathspec = ">=0.9.0"
platformdirs = ">=2"
tomli = {version = ">=1.1.0", markers = "python_version < \"3.11\""}
typing-extensions = {version = ">=4.0.1", markers = "python_version < \"3.11\""}

[package.extras]
colorama = ["colorama (>=0.4.3)"]
d = ["aiohttp (>=3.7.4)", "aiohttp (>=3.7.4,!=3.9.0)"]
jupyter = ["ipython (>=7.8.0)", "tokenize-rt (>=3.2.0)"]
uvloop = ["uvloop (>=0.15.2)"]

[[package]]
name = "click"
version = "8.1.7"
description = "Composable command line interface toolkit"
optional = false
python-versions = ">=3.7"
files = [
    {file = "click-8.1.7-py3-none-any.whl", hash = "sha256:ae74fb96c20a0277a1d615f1e4d73c8414f5a98db8b799a7931d1582f3390c28"},
    {file = "click-8.1.7.tar.gz", hash = "sha256:ca9853ad459e787e2192211578cc907e7594e294c7ccc834310722b41b9ca6de"},
]

[package.dependencies]
colorama = {version = "*", markers = "platform_system == \"Windows\""}

[[package]]
name = "colorama"
version = "0.4.6"
description = "Cross-platform colored terminal text."
optional = false
python-versions = "!=3.0.*,!=3.1.*,!=3.2.*,!=3.3.*,!=3.4.*,!=3.5.*,!=3.6.*,>=2.7"
files = [
    {file = "colorama-0.4.6-py2.py3-none-any.whl", hash = "sha256:4f1d9991f5acc0ca119f9d443620b77f9d6b33703e51011c16baf57afb285fc6"},
    {file = "colorama-0.4.6.tar.gz", hash = "sha256:08695f5cb7ed6e0531a20572697297273c47b8cae5a63ffc6d6ed5c201be6e44"},
]

[[package]]
name = "darkdetect"
version = "0.7.1"
description = "Detect OS Dark Mode from Python"
optional = false
python-versions = "*"
files = [
    {file = "darkdetect-0.7.1-py2.py3-none-any.whl", hash = "sha256:3efe69f8ecd5f1b7f4fbb0d1d93f656b0e493c45cc49222380ffe2a529cbc866"},
    {file = "darkdetect-0.7.1.tar.gz", hash = "sha256:47be3cf5134432ddb616bbffc927237718407914993c82809983e7ccebf49013"},
]

[[package]]
name = "disc-riider-py"
version = "0.3.1"
description = ""
optional = false
python-versions = ">=3.7"
files = [
    {file = "disc_riider_py-0.3.1-cp310-cp310-macosx_10_7_x86_64.whl", hash = "sha256:5aac3cdfd9ec5fe87ec759600cddbd38fc8452fe2d97bb945c6f306f0bfedb7b"},
    {file = "disc_riider_py-0.3.1-cp310-cp310-macosx_11_0_arm64.whl", hash = "sha256:5e32fce11d921f727ce90ab96863a35fd7bba33f6484fb51fc99acd3a2ae9e29"},
    {file = "disc_riider_py-0.3.1-cp310-cp310-manylinux_2_17_aarch64.manylinux2014_aarch64.whl", hash = "sha256:937bb736503d1975335b9d759a54cad838547c45f9106e8c33fd6ffe334beaaa"},
    {file = "disc_riider_py-0.3.1-cp310-cp310-manylinux_2_17_armv7l.manylinux2014_armv7l.whl", hash = "sha256:1cbd3cfdb2a01b04455d358fee9076a4622cf11ad7809286f1bd8546a6f59921"},
    {file = "disc_riider_py-0.3.1-cp310-cp310-manylinux_2_17_x86_64.manylinux2014_x86_64.whl", hash = "sha256:a2c36b27b96dd4ab4d85361a527b6491c8d7ba5129242994ed93658014cfc51e"},
    {file = "disc_riider_py-0.3.1-cp310-none-win32.whl", hash = "sha256:624b05b527be1233319502888733e3cf7c9de04f1b482745be253e2c229c67c8"},
    {file = "disc_riider_py-0.3.1-cp310-none-win_amd64.whl", hash = "sha256:a0d9588688fc907c64414b12c735ac2aace47462005baa512456ff20d80c2e46"},
    {file = "disc_riider_py-0.3.1-cp311-cp311-macosx_10_7_x86_64.whl", hash = "sha256:49bd0c6c742dd8895c68dcd1a0e5c465ad8fe7d5a067d4d5e2ef24d7dcb6e05b"},
    {file = "disc_riider_py-0.3.1-cp311-cp311-macosx_11_0_arm64.whl", hash = "sha256:5035f6083201ddc211ec5198583f7bccd8e65646f779dfe90732f60530ce82ed"},
    {file = "disc_riider_py-0.3.1-cp311-cp311-manylinux_2_17_aarch64.manylinux2014_aarch64.whl", hash = "sha256:f3976f2b436dd673af884977fb9c1edc670e827fad831592789bed3d8e01cbc5"},
    {file = "disc_riider_py-0.3.1-cp311-cp311-manylinux_2_17_armv7l.manylinux2014_armv7l.whl", hash = "sha256:1d0e949d0d21af5e25f697396994fff85b85f294c57966f18f3e11abb36db367"},
    {file = "disc_riider_py-0.3.1-cp311-cp311-manylinux_2_17_x86_64.manylinux2014_x86_64.whl", hash = "sha256:127c01c29bf21a55a1e046a538a2e4c625571a1f558424e48f6fd3beae69c282"},
    {file = "disc_riider_py-0.3.1-cp311-none-win32.whl", hash = "sha256:dc9324c1fbbb61a737b4f2c307c75a89afe482d8a676dfa2e00eb4c2c1b74c7d"},
    {file = "disc_riider_py-0.3.1-cp311-none-win_amd64.whl", hash = "sha256:c82756a9f5c5322671093954914114847342c6286cf7a01439b5fddd48f7302d"},
    {file = "disc_riider_py-0.3.1-cp312-cp312-manylinux_2_17_aarch64.manylinux2014_aarch64.whl", hash = "sha256:2a0dc0208fbcf3edb0937dab1d91bc79f72d16473b2dc747d9f979a6af265d37"},
    {file = "disc_riider_py-0.3.1-cp312-cp312-manylinux_2_17_x86_64.manylinux2014_x86_64.whl", hash = "sha256:ee6a7630175fc25bdd0d097b3aad1fef17b4739055795110763347cc945de6e7"},
    {file = "disc_riider_py-0.3.1-cp37-cp37m-manylinux_2_17_aarch64.manylinux2014_aarch64.whl", hash = "sha256:3dd6587e20464fcd34d10f9778942e7ba56e933fcc76aface4f2bea819bbdb70"},
    {file = "disc_riider_py-0.3.1-cp37-cp37m-manylinux_2_17_armv7l.manylinux2014_armv7l.whl", hash = "sha256:9ec598d43a51f52440564f8c68ea58c39947509d06126c4b081a18c426517aaa"},
    {file = "disc_riider_py-0.3.1-cp37-cp37m-manylinux_2_17_x86_64.manylinux2014_x86_64.whl", hash = "sha256:1d731cb4625a8539bda484bb808999e9dd64c0150779d1a9a7e180fe5916dae9"},
    {file = "disc_riider_py-0.3.1-cp37-none-win32.whl", hash = "sha256:a0cdd2cdcd7461d6f0767a94e7350a1832f2c1db758833b1142c13acf3cfb01b"},
    {file = "disc_riider_py-0.3.1-cp37-none-win_amd64.whl", hash = "sha256:c9d38f8ba950830e0acb23b595228529395bd9fbc478047811d7c29b6aef8c6f"},
    {file = "disc_riider_py-0.3.1-cp38-cp38-manylinux_2_17_aarch64.manylinux2014_aarch64.whl", hash = "sha256:be7cb35a7ccbd3e331837524234af1a63177298e9a601dead286294b6cda90a0"},
    {file = "disc_riider_py-0.3.1-cp38-cp38-manylinux_2_17_armv7l.manylinux2014_armv7l.whl", hash = "sha256:bc5228880a6bc3c8c1d2a3fe06d99daaf51e2216974c33f11bfb837b24e071b2"},
    {file = "disc_riider_py-0.3.1-cp38-cp38-manylinux_2_17_x86_64.manylinux2014_x86_64.whl", hash = "sha256:e7d471c8b4d07640302171b4b990b46b7b535532da590fbc3afe888b2a3fd250"},
    {file = "disc_riider_py-0.3.1-cp38-none-win32.whl", hash = "sha256:63d6ac5065c4dff1676b9cf76cf69881a495e3b524597cc34406ae50e4947a1c"},
    {file = "disc_riider_py-0.3.1-cp38-none-win_amd64.whl", hash = "sha256:2850888c9dca24b91617cc19a57595d2a75bea0d92539317314fef4e2f939b9e"},
    {file = "disc_riider_py-0.3.1-cp39-cp39-manylinux_2_17_aarch64.manylinux2014_aarch64.whl", hash = "sha256:1dde958405304002096dcd96cc739e67b4c4c24daa97882206b23ff65931f5a5"},
    {file = "disc_riider_py-0.3.1-cp39-cp39-manylinux_2_17_armv7l.manylinux2014_armv7l.whl", hash = "sha256:f176a5795ec994cc14e093ad8b7d3a42e8b3dd882bfce7cd9a5153a0e554e426"},
    {file = "disc_riider_py-0.3.1-cp39-cp39-manylinux_2_17_x86_64.manylinux2014_x86_64.whl", hash = "sha256:87e8cfbf2918de7e4e74382238e87ce62e6b49b27b86aa4ade2b26bd32eb7bcd"},
    {file = "disc_riider_py-0.3.1-cp39-none-win32.whl", hash = "sha256:f92a43a0a5e02a991596e03069fd8bec6833fdea5c93cec1983cfbfc91517874"},
    {file = "disc_riider_py-0.3.1-cp39-none-win_amd64.whl", hash = "sha256:8e00ddc2cafb5f5f093b3a7e4645ffea9f9934db5626e5298899da453b731afd"},
    {file = "disc_riider_py-0.3.1-pp310-pypy310_pp73-manylinux_2_17_x86_64.manylinux2014_x86_64.whl", hash = "sha256:b72042daab78da863278f262a2abeebbda5e56131753d38a1ced39391a99fb55"},
    {file = "disc_riider_py-0.3.1-pp37-pypy37_pp73-manylinux_2_17_aarch64.manylinux2014_aarch64.whl", hash = "sha256:c4317388f6bdab3c4856876208ff9151e760d1fe5cff2f98fa3ca604de959790"},
    {file = "disc_riider_py-0.3.1-pp37-pypy37_pp73-manylinux_2_17_armv7l.manylinux2014_armv7l.whl", hash = "sha256:334cd091c38ddcaa8ef4188c163ac50b6e2432ba44a3f3bce2d82d228bc1d8a4"},
    {file = "disc_riider_py-0.3.1-pp37-pypy37_pp73-manylinux_2_17_x86_64.manylinux2014_x86_64.whl", hash = "sha256:7a3eab22ac83302a7a37905360aa8f4e73e208434665c9ff39c4218b0767e490"},
    {file = "disc_riider_py-0.3.1-pp38-pypy38_pp73-manylinux_2_17_aarch64.manylinux2014_aarch64.whl", hash = "sha256:68210c0f3969d05d64cbb76c1f7c4d89bbf3933b298234e9c45c7cec19423400"},
    {file = "disc_riider_py-0.3.1-pp38-pypy38_pp73-manylinux_2_17_armv7l.manylinux2014_armv7l.whl", hash = "sha256:88a14688b2f1668b00a14eec61a42dae988d4b89d56f9649e3b6c95c424a7f06"},
    {file = "disc_riider_py-0.3.1-pp38-pypy38_pp73-manylinux_2_17_x86_64.manylinux2014_x86_64.whl", hash = "sha256:67ae679cf46fb11455873aa0526dc5e7e1a42ef0cc89e16c0e844b5f3b55bba0"},
    {file = "disc_riider_py-0.3.1-pp39-pypy39_pp73-manylinux_2_17_aarch64.manylinux2014_aarch64.whl", hash = "sha256:000d9ef87d7db6b7e6e26ada3379d052577d9478bfff7ff47bf6d353bab1f6e6"},
    {file = "disc_riider_py-0.3.1-pp39-pypy39_pp73-manylinux_2_17_armv7l.manylinux2014_armv7l.whl", hash = "sha256:1c0548db1b0adefb521cbf031fe81fbb449a57415b20812e04392b3a959e554f"},
    {file = "disc_riider_py-0.3.1-pp39-pypy39_pp73-manylinux_2_17_x86_64.manylinux2014_x86_64.whl", hash = "sha256:a3d17cc0e9c13613d1b74dda3a7582c98edfd5ff57f599b639e59a59cc353b58"},
    {file = "disc_riider_py-0.3.1.tar.gz", hash = "sha256:db13f41cddd0aef667902e696831d7a1f259ccb82db3498d36198d8194c3dd30"},
]

[[package]]
name = "exceptiongroup"
version = "1.2.0"
description = "Backport of PEP 654 (exception groups)"
optional = false
python-versions = ">=3.7"
files = [
    {file = "exceptiongroup-1.2.0-py3-none-any.whl", hash = "sha256:4bfd3996ac73b41e9b9628b04e079f193850720ea5945fc96a08633c66912f14"},
    {file = "exceptiongroup-1.2.0.tar.gz", hash = "sha256:91f5c769735f051a4290d52edd0858999b57e5876e9f85937691bd4c9fa3ed68"},
]

[package.extras]
test = ["pytest (>=6)"]

[[package]]
name = "iniconfig"
version = "2.0.0"
description = "brain-dead simple config-ini parsing"
optional = false
python-versions = ">=3.7"
files = [
    {file = "iniconfig-2.0.0-py3-none-any.whl", hash = "sha256:b6a85871a79d2e3b22d2d1b94ac2824226a63c6b741c88f7ae975f18b6778374"},
    {file = "iniconfig-2.0.0.tar.gz", hash = "sha256:2d91e135bf72d31a410b17c16da610a82cb55f6b0477d1a902134b24a455b8b3"},
]

[[package]]
name = "lark"
version = "1.1.9"
description = "a modern parsing library"
optional = false
python-versions = ">=3.6"
files = [
    {file = "lark-1.1.9-py3-none-any.whl", hash = "sha256:a0dd3a87289f8ccbb325901e4222e723e7d745dbfc1803eaf5f3d2ace19cf2db"},
    {file = "lark-1.1.9.tar.gz", hash = "sha256:15fa5236490824c2c4aba0e22d2d6d823575dcaf4cdd1848e34b6ad836240fba"},
]

[package.extras]
atomic-cache = ["atomicwrites"]
interegular = ["interegular (>=0.3.1,<0.4.0)"]
nearley = ["js2py"]
regex = ["regex"]

[[package]]
name = "macholib"
version = "1.16.3"
description = "Mach-O header analysis and editing"
optional = false
python-versions = "*"
files = [
    {file = "macholib-1.16.3-py2.py3-none-any.whl", hash = "sha256:0e315d7583d38b8c77e815b1ecbdbf504a8258d8b3e17b61165c6feb60d18f2c"},
    {file = "macholib-1.16.3.tar.gz", hash = "sha256:07ae9e15e8e4cd9a788013d81f5908b3609aa76f9b1421bae9c4d7606ec86a30"},
]

[package.dependencies]
altgraph = ">=0.17"

[[package]]
name = "mypy-extensions"
version = "1.0.0"
description = "Type system extensions for programs checked with the mypy type checker."
optional = false
python-versions = ">=3.5"
files = [
    {file = "mypy_extensions-1.0.0-py3-none-any.whl", hash = "sha256:4392f6c0eb8a5668a69e23d168ffa70f0be9ccfd32b5cc2d26a34ae5b844552d"},
    {file = "mypy_extensions-1.0.0.tar.gz", hash = "sha256:75dbf8955dc00442a438fc4d0666508a9a97b6bd41aa2f0ffe9d2f2725af0782"},
]

[[package]]
name = "nlzss11"
version = "1.6"
description = "Library for data (de)compression using Nintendo's lzss11 algorithm"
optional = false
python-versions = ">=3.6"
files = [
    {file = "nlzss11-1.6-cp310-cp310-macosx_11_0_x86_64.whl", hash = "sha256:065bfc72bbc87eb4840eb090cc523ea03bde199b3847619d03fe3cdf2bf998f1"},
    {file = "nlzss11-1.6-cp310-cp310-manylinux_2_17_x86_64.manylinux2014_x86_64.whl", hash = "sha256:b97c3ebdbcac0630976e72c138e3bed212317a536be45a246f575af3cc39a555"},
    {file = "nlzss11-1.6-cp310-cp310-win_amd64.whl", hash = "sha256:b5a3caa500b134ffe8c213c74545502ad2c59e6ddf4f4a5472a895e37d0496e0"},
    {file = "nlzss11-1.6-cp311-cp311-macosx_10_14_universal2.whl", hash = "sha256:5adf973da29fbacfe90f9b58f601baed6ebd06a3a261cd2e1199fdb0711c2aa6"},
    {file = "nlzss11-1.6-cp311-cp311-manylinux_2_17_x86_64.manylinux2014_x86_64.whl", hash = "sha256:8a2b80dd9421fee61623ab0d90e08523143d072992d0a9377652bdf0e66d5587"},
    {file = "nlzss11-1.6-cp311-cp311-win_amd64.whl", hash = "sha256:b13f36da7120f0adefde95c7bcfab86aff95ca13b36cb5f3aefe051ebdfb3ff4"},
    {file = "nlzss11-1.6-cp312-cp312-macosx_10_14_universal2.whl", hash = "sha256:9eb5d6d8f1e53a6eb7e4b7543ef469e8b6f9cf9636d2b835884deac1a4a8ec19"},
    {file = "nlzss11-1.6-cp312-cp312-manylinux_2_17_x86_64.manylinux2014_x86_64.whl", hash = "sha256:e05637ebd1e335122b07a18cbb1ce29c6528420a9e799403a8f2a405a08ba970"},
    {file = "nlzss11-1.6-cp312-cp312-win_amd64.whl", hash = "sha256:f4b47d67edf24e6ac6eed449786b26df951f7183cecd915dac3c567ab77dcc6f"},
    {file = "nlzss11-1.6-cp36-cp36m-macosx_10_14_x86_64.whl", hash = "sha256:a8146dcd4d57d638d64cc35540dce77d511c2d97bff06039d5f06a638fecfc53"},
    {file = "nlzss11-1.6-cp36-cp36m-manylinux_2_17_x86_64.manylinux2014_x86_64.whl", hash = "sha256:002f369f8f58f426963ac3a243d53c296317a20becea0d1ac41f7b173ab03894"},
    {file = "nlzss11-1.6-cp36-cp36m-win_amd64.whl", hash = "sha256:15a12d86e6951a1b7a938b0bdc0739e2805a9bd31c52aabd18bd0c40daf91407"},
    {file = "nlzss11-1.6-cp37-cp37m-macosx_11_0_x86_64.whl", hash = "sha256:e65c68b424af8b74292a351172a57852c2374ebe02922a641016fd83e20c5960"},
    {file = "nlzss11-1.6-cp37-cp37m-manylinux_2_17_x86_64.manylinux2014_x86_64.whl", hash = "sha256:4ebfc1514a18ae877c6d8c12bad7bf2ce141ec515bc0195489d0601644af1067"},
    {file = "nlzss11-1.6-cp37-cp37m-win_amd64.whl", hash = "sha256:a6c824e3221bf39b8eb85025db68a49fe14396e823a568a5f6bdced399bd1619"},
    {file = "nlzss11-1.6-cp38-cp38-macosx_11_0_x86_64.whl", hash = "sha256:f6f02d18772fd68b3f68930c381e187272d4bb64c934a51660c16fc01c681d70"},
    {file = "nlzss11-1.6-cp38-cp38-manylinux_2_17_x86_64.manylinux2014_x86_64.whl", hash = "sha256:0263127376f80f35a759f9a273f80746976b7f719be48f0411129650685e3ecc"},
    {file = "nlzss11-1.6-cp38-cp38-win_amd64.whl", hash = "sha256:7044157886ac07ccd2819eef610ebcd10e0052191f4358d8624a980dfad80e99"},
    {file = "nlzss11-1.6-cp39-cp39-macosx_11_0_x86_64.whl", hash = "sha256:24c8198816001ee813f752e90d2011eff5d03fc376e95c1774e77a2e6acf28c6"},
    {file = "nlzss11-1.6-cp39-cp39-manylinux_2_17_x86_64.manylinux2014_x86_64.whl", hash = "sha256:495d2d8f106e82ffc894225f6ca4874807afa031d894f17fee4bbeb40d1ecc8e"},
    {file = "nlzss11-1.6-cp39-cp39-win_amd64.whl", hash = "sha256:a640582811395e1d20ed24c06a4497b3cfd3f370fe0ea094348f29e9c8ffc59d"},
    {file = "nlzss11-1.6.tar.gz", hash = "sha256:1bf3a140775c386f469910c8e6d97013dc9e6771a4dc5a8845da0327a921a100"},
]

[[package]]
name = "numpy"
version = "1.26.4"
description = "Fundamental package for array computing in Python"
optional = false
python-versions = ">=3.9"
files = [
    {file = "numpy-1.26.4-cp310-cp310-macosx_10_9_x86_64.whl", hash = "sha256:9ff0f4f29c51e2803569d7a51c2304de5554655a60c5d776e35b4a41413830d0"},
    {file = "numpy-1.26.4-cp310-cp310-macosx_11_0_arm64.whl", hash = "sha256:2e4ee3380d6de9c9ec04745830fd9e2eccb3e6cf790d39d7b98ffd19b0dd754a"},
    {file = "numpy-1.26.4-cp310-cp310-manylinux_2_17_aarch64.manylinux2014_aarch64.whl", hash = "sha256:d209d8969599b27ad20994c8e41936ee0964e6da07478d6c35016bc386b66ad4"},
    {file = "numpy-1.26.4-cp310-cp310-manylinux_2_17_x86_64.manylinux2014_x86_64.whl", hash = "sha256:ffa75af20b44f8dba823498024771d5ac50620e6915abac414251bd971b4529f"},
    {file = "numpy-1.26.4-cp310-cp310-musllinux_1_1_aarch64.whl", hash = "sha256:62b8e4b1e28009ef2846b4c7852046736bab361f7aeadeb6a5b89ebec3c7055a"},
    {file = "numpy-1.26.4-cp310-cp310-musllinux_1_1_x86_64.whl", hash = "sha256:a4abb4f9001ad2858e7ac189089c42178fcce737e4169dc61321660f1a96c7d2"},
    {file = "numpy-1.26.4-cp310-cp310-win32.whl", hash = "sha256:bfe25acf8b437eb2a8b2d49d443800a5f18508cd811fea3181723922a8a82b07"},
    {file = "numpy-1.26.4-cp310-cp310-win_amd64.whl", hash = "sha256:b97fe8060236edf3662adfc2c633f56a08ae30560c56310562cb4f95500022d5"},
    {file = "numpy-1.26.4-cp311-cp311-macosx_10_9_x86_64.whl", hash = "sha256:4c66707fabe114439db9068ee468c26bbdf909cac0fb58686a42a24de1760c71"},
    {file = "numpy-1.26.4-cp311-cp311-macosx_11_0_arm64.whl", hash = "sha256:edd8b5fe47dab091176d21bb6de568acdd906d1887a4584a15a9a96a1dca06ef"},
    {file = "numpy-1.26.4-cp311-cp311-manylinux_2_17_aarch64.manylinux2014_aarch64.whl", hash = "sha256:7ab55401287bfec946ced39700c053796e7cc0e3acbef09993a9ad2adba6ca6e"},
    {file = "numpy-1.26.4-cp311-cp311-manylinux_2_17_x86_64.manylinux2014_x86_64.whl", hash = "sha256:666dbfb6ec68962c033a450943ded891bed2d54e6755e35e5835d63f4f6931d5"},
    {file = "numpy-1.26.4-cp311-cp311-musllinux_1_1_aarch64.whl", hash = "sha256:96ff0b2ad353d8f990b63294c8986f1ec3cb19d749234014f4e7eb0112ceba5a"},
    {file = "numpy-1.26.4-cp311-cp311-musllinux_1_1_x86_64.whl", hash = "sha256:60dedbb91afcbfdc9bc0b1f3f402804070deed7392c23eb7a7f07fa857868e8a"},
    {file = "numpy-1.26.4-cp311-cp311-win32.whl", hash = "sha256:1af303d6b2210eb850fcf03064d364652b7120803a0b872f5211f5234b399f20"},
    {file = "numpy-1.26.4-cp311-cp311-win_amd64.whl", hash = "sha256:cd25bcecc4974d09257ffcd1f098ee778f7834c3ad767fe5db785be9a4aa9cb2"},
    {file = "numpy-1.26.4-cp312-cp312-macosx_10_9_x86_64.whl", hash = "sha256:b3ce300f3644fb06443ee2222c2201dd3a89ea6040541412b8fa189341847218"},
    {file = "numpy-1.26.4-cp312-cp312-macosx_11_0_arm64.whl", hash = "sha256:03a8c78d01d9781b28a6989f6fa1bb2c4f2d51201cf99d3dd875df6fbd96b23b"},
    {file = "numpy-1.26.4-cp312-cp312-manylinux_2_17_aarch64.manylinux2014_aarch64.whl", hash = "sha256:9fad7dcb1aac3c7f0584a5a8133e3a43eeb2fe127f47e3632d43d677c66c102b"},
    {file = "numpy-1.26.4-cp312-cp312-manylinux_2_17_x86_64.manylinux2014_x86_64.whl", hash = "sha256:675d61ffbfa78604709862923189bad94014bef562cc35cf61d3a07bba02a7ed"},
    {file = "numpy-1.26.4-cp312-cp312-musllinux_1_1_aarch64.whl", hash = "sha256:ab47dbe5cc8210f55aa58e4805fe224dac469cde56b9f731a4c098b91917159a"},
    {file = "numpy-1.26.4-cp312-cp312-musllinux_1_1_x86_64.whl", hash = "sha256:1dda2e7b4ec9dd512f84935c5f126c8bd8b9f2fc001e9f54af255e8c5f16b0e0"},
    {file = "numpy-1.26.4-cp312-cp312-win32.whl", hash = "sha256:50193e430acfc1346175fcbdaa28ffec49947a06918b7b92130744e81e640110"},
    {file = "numpy-1.26.4-cp312-cp312-win_amd64.whl", hash = "sha256:08beddf13648eb95f8d867350f6a018a4be2e5ad54c8d8caed89ebca558b2818"},
    {file = "numpy-1.26.4-cp39-cp39-macosx_10_9_x86_64.whl", hash = "sha256:7349ab0fa0c429c82442a27a9673fc802ffdb7c7775fad780226cb234965e53c"},
    {file = "numpy-1.26.4-cp39-cp39-macosx_11_0_arm64.whl", hash = "sha256:52b8b60467cd7dd1e9ed082188b4e6bb35aa5cdd01777621a1658910745b90be"},
    {file = "numpy-1.26.4-cp39-cp39-manylinux_2_17_aarch64.manylinux2014_aarch64.whl", hash = "sha256:d5241e0a80d808d70546c697135da2c613f30e28251ff8307eb72ba696945764"},
    {file = "numpy-1.26.4-cp39-cp39-manylinux_2_17_x86_64.manylinux2014_x86_64.whl", hash = "sha256:f870204a840a60da0b12273ef34f7051e98c3b5961b61b0c2c1be6dfd64fbcd3"},
    {file = "numpy-1.26.4-cp39-cp39-musllinux_1_1_aarch64.whl", hash = "sha256:679b0076f67ecc0138fd2ede3a8fd196dddc2ad3254069bcb9faf9a79b1cebcd"},
    {file = "numpy-1.26.4-cp39-cp39-musllinux_1_1_x86_64.whl", hash = "sha256:47711010ad8555514b434df65f7d7b076bb8261df1ca9bb78f53d3b2db02e95c"},
    {file = "numpy-1.26.4-cp39-cp39-win32.whl", hash = "sha256:a354325ee03388678242a4d7ebcd08b5c727033fcff3b2f536aea978e15ee9e6"},
    {file = "numpy-1.26.4-cp39-cp39-win_amd64.whl", hash = "sha256:3373d5d70a5fe74a2c1bb6d2cfd9609ecf686d47a2d7b1d37a8f3b6bf6003aea"},
    {file = "numpy-1.26.4-pp39-pypy39_pp73-macosx_10_9_x86_64.whl", hash = "sha256:afedb719a9dcfc7eaf2287b839d8198e06dcd4cb5d276a3df279231138e83d30"},
    {file = "numpy-1.26.4-pp39-pypy39_pp73-manylinux_2_17_x86_64.manylinux2014_x86_64.whl", hash = "sha256:95a7476c59002f2f6c590b9b7b998306fba6a5aa646b1e22ddfeaf8f78c3a29c"},
    {file = "numpy-1.26.4-pp39-pypy39_pp73-win_amd64.whl", hash = "sha256:7e50d0a0cc3189f9cb0aeb3a6a6af18c16f59f004b866cd2be1c14b36134a4a0"},
    {file = "numpy-1.26.4.tar.gz", hash = "sha256:2a02aba9ed12e4ac4eb3ea9421c420301a0c6460d9830d74a9df87efa4912010"},
]

[[package]]
name = "opencv-python"
version = "4.9.0.80"
description = "Wrapper package for OpenCV python bindings."
optional = false
python-versions = ">=3.6"
files = [
    {file = "opencv-python-4.9.0.80.tar.gz", hash = "sha256:1a9f0e6267de3a1a1db0c54213d022c7c8b5b9ca4b580e80bdc58516c922c9e1"},
    {file = "opencv_python-4.9.0.80-cp37-abi3-macosx_10_16_x86_64.whl", hash = "sha256:7e5f7aa4486651a6ebfa8ed4b594b65bd2d2f41beeb4241a3e4b1b85acbbbadb"},
    {file = "opencv_python-4.9.0.80-cp37-abi3-macosx_11_0_arm64.whl", hash = "sha256:71dfb9555ccccdd77305fc3dcca5897fbf0cf28b297c51ee55e079c065d812a3"},
    {file = "opencv_python-4.9.0.80-cp37-abi3-manylinux_2_17_aarch64.manylinux2014_aarch64.whl", hash = "sha256:7b34a52e9da36dda8c151c6394aed602e4b17fa041df0b9f5b93ae10b0fcca2a"},
    {file = "opencv_python-4.9.0.80-cp37-abi3-manylinux_2_17_x86_64.manylinux2014_x86_64.whl", hash = "sha256:e4088cab82b66a3b37ffc452976b14a3c599269c247895ae9ceb4066d8188a57"},
    {file = "opencv_python-4.9.0.80-cp37-abi3-win32.whl", hash = "sha256:dcf000c36dd1651118a2462257e3a9e76db789a78432e1f303c7bac54f63ef6c"},
    {file = "opencv_python-4.9.0.80-cp37-abi3-win_amd64.whl", hash = "sha256:3f16f08e02b2a2da44259c7cc712e779eff1dd8b55fdb0323e8cab09548086c0"},
]

[package.dependencies]
numpy = [
    {version = ">=1.23.5", markers = "python_version >= \"3.11\""},
    {version = ">=1.21.4", markers = "python_version >= \"3.10\" and platform_system == \"Darwin\" and python_version < \"3.11\""},
    {version = ">=1.21.2", markers = "platform_system != \"Darwin\" and python_version >= \"3.10\" and python_version < \"3.11\""},
]

[[package]]
name = "packaging"
version = "23.2"
description = "Core utilities for Python packages"
optional = false
python-versions = ">=3.7"
files = [
    {file = "packaging-23.2-py3-none-any.whl", hash = "sha256:8c491190033a9af7e1d931d0b5dacc2ef47509b34dd0de67ed209b5203fc88c7"},
    {file = "packaging-23.2.tar.gz", hash = "sha256:048fb0e9405036518eaaf48a55953c750c11e1a1b68e0dd1a9d62ed0c092cfc5"},
]

[[package]]
name = "pasteboard"
version = "0.3.3"
description = "Pasteboard - Python interface for reading from NSPasteboard (macOS clipboard)"
optional = false
python-versions = ">=3.6,<4.0"
files = [
    {file = "pasteboard-0.3.3-cp36-cp36m-macosx_10_15_x86_64.whl", hash = "sha256:afd171e200316f6b3d3da381476921ca57cb8f26d2fa418f779454913918dbb9"},
    {file = "pasteboard-0.3.3-cp37-cp37m-macosx_10_15_x86_64.whl", hash = "sha256:f99dd6c7039b755756b2068942c4c2487d6366e5a56eafd6db0ae7aa2a371a0e"},
    {file = "pasteboard-0.3.3-cp38-cp38-macosx_10_15_x86_64.whl", hash = "sha256:19229dfa28f41afb5e731ac81e52bbc4212f67d678c082d3e3621cec0628a773"},
    {file = "pasteboard-0.3.3-cp39-cp39-macosx_10_15_x86_64.whl", hash = "sha256:20a5c53bae8ac8186ecdd621020fb1b072d45a35f9f11a8e4cd5e82d76b485d0"},
    {file = "pasteboard-0.3.3.tar.gz", hash = "sha256:d80275e76ff1eaaa5ca3d0e0fd8aecd5ea1298523dfd51f3774b5aaebdde02cf"},
]

[[package]]
name = "pathspec"
version = "0.12.1"
description = "Utility library for gitignore style pattern matching of file paths."
optional = false
python-versions = ">=3.8"
files = [
    {file = "pathspec-0.12.1-py3-none-any.whl", hash = "sha256:a0d503e138a4c123b27490a4f7beda6a01c6f288df0e4a8b79c7eb0dc7b4cc08"},
    {file = "pathspec-0.12.1.tar.gz", hash = "sha256:a482d51503a1ab33b1c67a6c3813a26953dbdc71c31dacaef9a838c4e29f5712"},
]

[[package]]
name = "pefile"
version = "2023.2.7"
description = "Python PE parsing module"
optional = false
python-versions = ">=3.6.0"
files = [
    {file = "pefile-2023.2.7-py3-none-any.whl", hash = "sha256:da185cd2af68c08a6cd4481f7325ed600a88f6a813bad9dea07ab3ef73d8d8d6"},
    {file = "pefile-2023.2.7.tar.gz", hash = "sha256:82e6114004b3d6911c77c3953e3838654b04511b8b66e8583db70c65998017dc"},
]

[[package]]
name = "platformdirs"
version = "4.2.0"
description = "A small Python package for determining appropriate platform-specific dirs, e.g. a \"user data dir\"."
optional = false
python-versions = ">=3.8"
files = [
    {file = "platformdirs-4.2.0-py3-none-any.whl", hash = "sha256:0614df2a2f37e1a662acbd8e2b25b92ccf8632929bc6d43467e17fe89c75e068"},
    {file = "platformdirs-4.2.0.tar.gz", hash = "sha256:ef0cc731df711022c174543cb70a9b5bd22e5a9337c8624ef2c2ceb8ddad8768"},
]

[package.extras]
docs = ["furo (>=2023.9.10)", "proselint (>=0.13)", "sphinx (>=7.2.6)", "sphinx-autodoc-typehints (>=1.25.2)"]
test = ["appdirs (==1.4.4)", "covdefaults (>=2.3)", "pytest (>=7.4.3)", "pytest-cov (>=4.1)", "pytest-mock (>=3.12)"]

[[package]]
name = "pluggy"
version = "1.4.0"
description = "plugin and hook calling mechanisms for python"
optional = false
python-versions = ">=3.8"
files = [
    {file = "pluggy-1.4.0-py3-none-any.whl", hash = "sha256:7db9f7b503d67d1c5b95f59773ebb58a8c1c288129a88665838012cfb07b8981"},
    {file = "pluggy-1.4.0.tar.gz", hash = "sha256:8c85c2876142a764e5b7548e7d9a0e0ddb46f5185161049a79b7e974454223be"},
]

[package.extras]
dev = ["pre-commit", "tox"]
testing = ["pytest", "pytest-benchmark"]

[[package]]
name = "pyclip"
version = "0.7.0"
description = "Cross-platform clipboard utilities supporting both binary and text data."
optional = false
python-versions = "*"
files = [
    {file = "pyclip-0.7.0-py3-none-any.whl", hash = "sha256:a7b7ea2cfad2dd61e86a529af588d006070d3eb0bd32981afaee5215f4604fec"},
    {file = "pyclip-0.7.0.tar.gz", hash = "sha256:57602047a4ceab709bdcd42f3dde6449a3349b95c16154cfdce27376a2072491"},
]

[package.dependencies]
pasteboard = {version = "0.3.3", markers = "platform_system == \"Darwin\""}
pywin32 = {version = ">=1.0", markers = "platform_system == \"Windows\""}

[package.extras]
test = ["pytest"]

[[package]]
name = "pyinstaller"
version = "6.4.0"
description = "PyInstaller bundles a Python application and all its dependencies into a single package."
optional = false
python-versions = "<3.13,>=3.8"
files = [
    {file = "pyinstaller-6.4.0-py3-none-macosx_10_13_universal2.whl", hash = "sha256:a2e63fa71784f290bbf79b31b60a27c45b17a18b8c7f910757f9474e0c12c95d"},
    {file = "pyinstaller-6.4.0-py3-none-manylinux2014_aarch64.whl", hash = "sha256:3127724d1841f785a9916d7b4cfd9595f359925e9ce7d137a16db8c29ca8453b"},
    {file = "pyinstaller-6.4.0-py3-none-manylinux2014_i686.whl", hash = "sha256:a37f83850cb150ad1e00fe92acecc4d39b8e10162a1850a5836a05fcb2daa870"},
    {file = "pyinstaller-6.4.0-py3-none-manylinux2014_ppc64le.whl", hash = "sha256:28b98fa3c74602bdc4c5a7698e907f31e714cc40a13f6358082bcbc74ddab35c"},
    {file = "pyinstaller-6.4.0-py3-none-manylinux2014_s390x.whl", hash = "sha256:3ae62cf8858ec4dc54df6fa03d29bc78297e3c87caf532887eae8c3893be0789"},
    {file = "pyinstaller-6.4.0-py3-none-manylinux2014_x86_64.whl", hash = "sha256:e3e1e6922a4260dcacf6f5655b0ca857451e05ac502d01642935d0f2873ad3c7"},
    {file = "pyinstaller-6.4.0-py3-none-musllinux_1_1_aarch64.whl", hash = "sha256:78fb66ca753ef8becdf059eaa1e764d384cacb8c2ec76800126f8c9ef6d19a50"},
    {file = "pyinstaller-6.4.0-py3-none-musllinux_1_1_x86_64.whl", hash = "sha256:e07cff584600647af7dc279dd04c60cd1b4b1b41947b0753f8fcf1969300a583"},
    {file = "pyinstaller-6.4.0-py3-none-win32.whl", hash = "sha256:c7bc0fbea8a9010484cfa7d3856416003af73271f03ca3da4bc0eaf14680ad17"},
    {file = "pyinstaller-6.4.0-py3-none-win_amd64.whl", hash = "sha256:ec8a08c983e3febb0247893cd9bd59f55b6767a1f649cb41a0a129b8f04ff2cb"},
    {file = "pyinstaller-6.4.0-py3-none-win_arm64.whl", hash = "sha256:11e6da6a6e441379352ee460a8880f2633dac91dac0f5a9eeff5d449d459b046"},
    {file = "pyinstaller-6.4.0.tar.gz", hash = "sha256:1bf608ed947b58614711275a7ff169289b32560dc97ec748ebd5fa8bdec80649"},
]

[package.dependencies]
altgraph = "*"
macholib = {version = ">=1.8", markers = "sys_platform == \"darwin\""}
packaging = ">=22.0"
pefile = {version = ">=2022.5.30", markers = "sys_platform == \"win32\""}
pyinstaller-hooks-contrib = ">=2024.0"
pywin32-ctypes = {version = ">=0.2.1", markers = "sys_platform == \"win32\""}
setuptools = ">=42.0.0"

[package.extras]
completion = ["argcomplete"]
hook-testing = ["execnet (>=1.5.0)", "psutil", "pytest (>=2.7.3)"]

[[package]]
name = "pyinstaller-hooks-contrib"
version = "2024.2"
description = "Community maintained hooks for PyInstaller"
optional = false
python-versions = ">=3.7"
files = [
    {file = "pyinstaller-hooks-contrib-2024.2.tar.gz", hash = "sha256:43f3e084ae5f826415399d72ecf2e32328fe859ad7455c7cddfc09f1a61c90b7"},
    {file = "pyinstaller_hooks_contrib-2024.2-py2.py3-none-any.whl", hash = "sha256:8f5ac1acdafde9e553c82242aeae2d2f8fb65ec8e2b0ba416547948108a73e01"},
]

[package.dependencies]
packaging = ">=22.0"
setuptools = ">=42.0.0"

[[package]]
name = "pyqtdarktheme"
version = "2.1.0"
description = "Flat dark theme for PySide and PyQt."
optional = false
python-versions = ">=3.7,<3.12"
files = [
    {file = "pyqtdarktheme-2.1.0-py3-none-any.whl", hash = "sha256:8739d99502230fbaca42551ea033c9ae31c81c4ebfec2f1ffde38f32a18bea7a"},
    {file = "pyqtdarktheme-2.1.0.tar.gz", hash = "sha256:5f8274ddfa3a5481ed9743cdb0f9debfeb7ff695b3a0d202a8104361d17dadb8"},
]

[package.dependencies]
darkdetect = ">=0.7.1,<0.8.0"

[[package]]
name = "pyside6"
version = "6.6.2"
description = "Python bindings for the Qt cross-platform application and UI framework"
optional = false
python-versions = "<3.13,>=3.8"
files = [
    {file = "PySide6-6.6.2-cp38-abi3-macosx_11_0_universal2.whl", hash = "sha256:5bdaa27d1a921c35764d82a2ec86943488c818cb33b9e16b2784d539b45f6171"},
    {file = "PySide6-6.6.2-cp38-abi3-manylinux_2_28_x86_64.whl", hash = "sha256:3b6266fb29bab66526f2bbab2a6610f9f47a4df42ae6fb3713cd8329f593a561"},
    {file = "PySide6-6.6.2-cp38-abi3-manylinux_2_31_aarch64.whl", hash = "sha256:a8200b2a1f02e42adfd1f41bc60d52d157398778b6ba232d46ad7402bc6f91ec"},
    {file = "PySide6-6.6.2-cp38-abi3-win_amd64.whl", hash = "sha256:e359ebccd3f90fba85ebd5b93bdeadfa9e5d2fd06b3b5e8985aa5da50ca6243b"},
]

[package.dependencies]
PySide6-Addons = "6.6.2"
PySide6-Essentials = "6.6.2"
shiboken6 = "6.6.2"

[[package]]
name = "pyside6-addons"
version = "6.6.2"
description = "Python bindings for the Qt cross-platform application and UI framework (Addons)"
optional = false
python-versions = "<3.13,>=3.8"
files = [
    {file = "PySide6_Addons-6.6.2-cp38-abi3-macosx_11_0_universal2.whl", hash = "sha256:4fb00bc98bc8335177eaa8f6d70ba687ab9bf00b3ee343abbc7156040f3e586d"},
    {file = "PySide6_Addons-6.6.2-cp38-abi3-manylinux_2_28_x86_64.whl", hash = "sha256:cbdb7393de88a916ed1e9bd8407149f911717d1e06aee04119e26042679d8cce"},
    {file = "PySide6_Addons-6.6.2-cp38-abi3-manylinux_2_31_aarch64.whl", hash = "sha256:90f20dcf2caf69307e20d3d682cbe2b1a38e7ddb1f50f4f0e3ae4306219f8883"},
    {file = "PySide6_Addons-6.6.2-cp38-abi3-win_amd64.whl", hash = "sha256:748151fb49d5fe760b7cf6c88c4ec851e68d66a119939567407115948bf8a08f"},
]

[package.dependencies]
PySide6-Essentials = "6.6.2"
shiboken6 = "6.6.2"

[[package]]
name = "pyside6-essentials"
version = "6.6.2"
description = "Python bindings for the Qt cross-platform application and UI framework (Essentials)"
optional = false
python-versions = "<3.13,>=3.8"
files = [
    {file = "PySide6_Essentials-6.6.2-cp38-abi3-macosx_11_0_universal2.whl", hash = "sha256:41373f9b8fd17bb39a7dc7da85168508fe288955a17117c2e993339f387b23c1"},
    {file = "PySide6_Essentials-6.6.2-cp38-abi3-manylinux_2_28_x86_64.whl", hash = "sha256:90be2cf1a404f1c62777ccc6898895c864376f1fd68ae9f82f7622522bce5814"},
    {file = "PySide6_Essentials-6.6.2-cp38-abi3-manylinux_2_31_aarch64.whl", hash = "sha256:11496a322138eab4579c3683d2e3afebb41435412d4109394cb2b9ddaac66fe3"},
    {file = "PySide6_Essentials-6.6.2-cp38-abi3-win_amd64.whl", hash = "sha256:030a0565ad2d6361ed8be7826f81fe3dbb7a98330837687608e75cbede5f0ca2"},
]

[package.dependencies]
shiboken6 = "6.6.2"

[[package]]
name = "pytest"
version = "8.0.2"
description = "pytest: simple powerful testing with Python"
optional = false
python-versions = ">=3.8"
files = [
    {file = "pytest-8.0.2-py3-none-any.whl", hash = "sha256:edfaaef32ce5172d5466b5127b42e0d6d35ebbe4453f0e3505d96afd93f6b096"},
    {file = "pytest-8.0.2.tar.gz", hash = "sha256:d4051d623a2e0b7e51960ba963193b09ce6daeb9759a451844a21e4ddedfc1bd"},
]

[package.dependencies]
colorama = {version = "*", markers = "sys_platform == \"win32\""}
exceptiongroup = {version = ">=1.0.0rc8", markers = "python_version < \"3.11\""}
iniconfig = "*"
packaging = "*"
pluggy = ">=1.3.0,<2.0"
tomli = {version = ">=1.0.0", markers = "python_version < \"3.11\""}

[package.extras]
testing = ["argcomplete", "attrs (>=19.2.0)", "hypothesis (>=3.56)", "mock", "nose", "pygments (>=2.7.2)", "requests", "setuptools", "xmlschema"]

[[package]]
name = "pywin32"
version = "306"
description = "Python for Window Extensions"
optional = false
python-versions = "*"
files = [
    {file = "pywin32-306-cp310-cp310-win32.whl", hash = "sha256:06d3420a5155ba65f0b72f2699b5bacf3109f36acbe8923765c22938a69dfc8d"},
    {file = "pywin32-306-cp310-cp310-win_amd64.whl", hash = "sha256:84f4471dbca1887ea3803d8848a1616429ac94a4a8d05f4bc9c5dcfd42ca99c8"},
    {file = "pywin32-306-cp311-cp311-win32.whl", hash = "sha256:e65028133d15b64d2ed8f06dd9fbc268352478d4f9289e69c190ecd6818b6407"},
    {file = "pywin32-306-cp311-cp311-win_amd64.whl", hash = "sha256:a7639f51c184c0272e93f244eb24dafca9b1855707d94c192d4a0b4c01e1100e"},
    {file = "pywin32-306-cp311-cp311-win_arm64.whl", hash = "sha256:70dba0c913d19f942a2db25217d9a1b726c278f483a919f1abfed79c9cf64d3a"},
    {file = "pywin32-306-cp312-cp312-win32.whl", hash = "sha256:383229d515657f4e3ed1343da8be101000562bf514591ff383ae940cad65458b"},
    {file = "pywin32-306-cp312-cp312-win_amd64.whl", hash = "sha256:37257794c1ad39ee9be652da0462dc2e394c8159dfd913a8a4e8eb6fd346da0e"},
    {file = "pywin32-306-cp312-cp312-win_arm64.whl", hash = "sha256:5821ec52f6d321aa59e2db7e0a35b997de60c201943557d108af9d4ae1ec7040"},
    {file = "pywin32-306-cp37-cp37m-win32.whl", hash = "sha256:1c73ea9a0d2283d889001998059f5eaaba3b6238f767c9cf2833b13e6a685f65"},
    {file = "pywin32-306-cp37-cp37m-win_amd64.whl", hash = "sha256:72c5f621542d7bdd4fdb716227be0dd3f8565c11b280be6315b06ace35487d36"},
    {file = "pywin32-306-cp38-cp38-win32.whl", hash = "sha256:e4c092e2589b5cf0d365849e73e02c391c1349958c5ac3e9d5ccb9a28e017b3a"},
    {file = "pywin32-306-cp38-cp38-win_amd64.whl", hash = "sha256:e8ac1ae3601bee6ca9f7cb4b5363bf1c0badb935ef243c4733ff9a393b1690c0"},
    {file = "pywin32-306-cp39-cp39-win32.whl", hash = "sha256:e25fd5b485b55ac9c057f67d94bc203f3f6595078d1fb3b458c9c28b7153a802"},
    {file = "pywin32-306-cp39-cp39-win_amd64.whl", hash = "sha256:39b61c15272833b5c329a2989999dcae836b1eed650252ab1b7bfbe1d59f30f4"},
]

[[package]]
name = "pywin32-ctypes"
version = "0.2.2"
description = "A (partial) reimplementation of pywin32 using ctypes/cffi"
optional = false
python-versions = ">=3.6"
files = [
    {file = "pywin32-ctypes-0.2.2.tar.gz", hash = "sha256:3426e063bdd5fd4df74a14fa3cf80a0b42845a87e1d1e81f6549f9daec593a60"},
    {file = "pywin32_ctypes-0.2.2-py3-none-any.whl", hash = "sha256:bf490a1a709baf35d688fe0ecf980ed4de11d2b3e37b51e5442587a75d9957e7"},
]

[[package]]
name = "pyyaml"
version = "6.0.1"
description = "YAML parser and emitter for Python"
optional = false
python-versions = ">=3.6"
files = [
    {file = "PyYAML-6.0.1-cp310-cp310-macosx_10_9_x86_64.whl", hash = "sha256:d858aa552c999bc8a8d57426ed01e40bef403cd8ccdd0fc5f6f04a00414cac2a"},
    {file = "PyYAML-6.0.1-cp310-cp310-macosx_11_0_arm64.whl", hash = "sha256:fd66fc5d0da6d9815ba2cebeb4205f95818ff4b79c3ebe268e75d961704af52f"},
    {file = "PyYAML-6.0.1-cp310-cp310-manylinux_2_17_aarch64.manylinux2014_aarch64.whl", hash = "sha256:69b023b2b4daa7548bcfbd4aa3da05b3a74b772db9e23b982788168117739938"},
    {file = "PyYAML-6.0.1-cp310-cp310-manylinux_2_17_s390x.manylinux2014_s390x.whl", hash = "sha256:81e0b275a9ecc9c0c0c07b4b90ba548307583c125f54d5b6946cfee6360c733d"},
    {file = "PyYAML-6.0.1-cp310-cp310-manylinux_2_17_x86_64.manylinux2014_x86_64.whl", hash = "sha256:ba336e390cd8e4d1739f42dfe9bb83a3cc2e80f567d8805e11b46f4a943f5515"},
    {file = "PyYAML-6.0.1-cp310-cp310-win32.whl", hash = "sha256:bd4af7373a854424dabd882decdc5579653d7868b8fb26dc7d0e99f823aa5924"},
    {file = "PyYAML-6.0.1-cp310-cp310-win_amd64.whl", hash = "sha256:fd1592b3fdf65fff2ad0004b5e363300ef59ced41c2e6b3a99d4089fa8c5435d"},
    {file = "PyYAML-6.0.1-cp311-cp311-macosx_10_9_x86_64.whl", hash = "sha256:6965a7bc3cf88e5a1c3bd2e0b5c22f8d677dc88a455344035f03399034eb3007"},
    {file = "PyYAML-6.0.1-cp311-cp311-macosx_11_0_arm64.whl", hash = "sha256:f003ed9ad21d6a4713f0a9b5a7a0a79e08dd0f221aff4525a2be4c346ee60aab"},
    {file = "PyYAML-6.0.1-cp311-cp311-manylinux_2_17_aarch64.manylinux2014_aarch64.whl", hash = "sha256:42f8152b8dbc4fe7d96729ec2b99c7097d656dc1213a3229ca5383f973a5ed6d"},
    {file = "PyYAML-6.0.1-cp311-cp311-manylinux_2_17_s390x.manylinux2014_s390x.whl", hash = "sha256:062582fca9fabdd2c8b54a3ef1c978d786e0f6b3a1510e0ac93ef59e0ddae2bc"},
    {file = "PyYAML-6.0.1-cp311-cp311-manylinux_2_17_x86_64.manylinux2014_x86_64.whl", hash = "sha256:d2b04aac4d386b172d5b9692e2d2da8de7bfb6c387fa4f801fbf6fb2e6ba4673"},
    {file = "PyYAML-6.0.1-cp311-cp311-win32.whl", hash = "sha256:1635fd110e8d85d55237ab316b5b011de701ea0f29d07611174a1b42f1444741"},
    {file = "PyYAML-6.0.1-cp311-cp311-win_amd64.whl", hash = "sha256:bf07ee2fef7014951eeb99f56f39c9bb4af143d8aa3c21b1677805985307da34"},
    {file = "PyYAML-6.0.1-cp36-cp36m-macosx_10_9_x86_64.whl", hash = "sha256:50550eb667afee136e9a77d6dc71ae76a44df8b3e51e41b77f6de2932bfe0f47"},
    {file = "PyYAML-6.0.1-cp36-cp36m-manylinux_2_17_aarch64.manylinux2014_aarch64.whl", hash = "sha256:1fe35611261b29bd1de0070f0b2f47cb6ff71fa6595c077e42bd0c419fa27b98"},
    {file = "PyYAML-6.0.1-cp36-cp36m-manylinux_2_17_s390x.manylinux2014_s390x.whl", hash = "sha256:704219a11b772aea0d8ecd7058d0082713c3562b4e271b849ad7dc4a5c90c13c"},
    {file = "PyYAML-6.0.1-cp36-cp36m-manylinux_2_17_x86_64.manylinux2014_x86_64.whl", hash = "sha256:afd7e57eddb1a54f0f1a974bc4391af8bcce0b444685d936840f125cf046d5bd"},
    {file = "PyYAML-6.0.1-cp36-cp36m-win32.whl", hash = "sha256:fca0e3a251908a499833aa292323f32437106001d436eca0e6e7833256674585"},
    {file = "PyYAML-6.0.1-cp36-cp36m-win_amd64.whl", hash = "sha256:f22ac1c3cac4dbc50079e965eba2c1058622631e526bd9afd45fedd49ba781fa"},
    {file = "PyYAML-6.0.1-cp37-cp37m-macosx_10_9_x86_64.whl", hash = "sha256:b1275ad35a5d18c62a7220633c913e1b42d44b46ee12554e5fd39c70a243d6a3"},
    {file = "PyYAML-6.0.1-cp37-cp37m-manylinux_2_17_aarch64.manylinux2014_aarch64.whl", hash = "sha256:18aeb1bf9a78867dc38b259769503436b7c72f7a1f1f4c93ff9a17de54319b27"},
    {file = "PyYAML-6.0.1-cp37-cp37m-manylinux_2_17_s390x.manylinux2014_s390x.whl", hash = "sha256:596106435fa6ad000c2991a98fa58eeb8656ef2325d7e158344fb33864ed87e3"},
    {file = "PyYAML-6.0.1-cp37-cp37m-manylinux_2_17_x86_64.manylinux2014_x86_64.whl", hash = "sha256:baa90d3f661d43131ca170712d903e6295d1f7a0f595074f151c0aed377c9b9c"},
    {file = "PyYAML-6.0.1-cp37-cp37m-win32.whl", hash = "sha256:9046c58c4395dff28dd494285c82ba00b546adfc7ef001486fbf0324bc174fba"},
    {file = "PyYAML-6.0.1-cp37-cp37m-win_amd64.whl", hash = "sha256:4fb147e7a67ef577a588a0e2c17b6db51dda102c71de36f8549b6816a96e1867"},
    {file = "PyYAML-6.0.1-cp38-cp38-macosx_10_9_x86_64.whl", hash = "sha256:1d4c7e777c441b20e32f52bd377e0c409713e8bb1386e1099c2415f26e479595"},
    {file = "PyYAML-6.0.1-cp38-cp38-manylinux_2_17_aarch64.manylinux2014_aarch64.whl", hash = "sha256:a0cd17c15d3bb3fa06978b4e8958dcdc6e0174ccea823003a106c7d4d7899ac5"},
    {file = "PyYAML-6.0.1-cp38-cp38-manylinux_2_17_s390x.manylinux2014_s390x.whl", hash = "sha256:28c119d996beec18c05208a8bd78cbe4007878c6dd15091efb73a30e90539696"},
    {file = "PyYAML-6.0.1-cp38-cp38-manylinux_2_17_x86_64.manylinux2014_x86_64.whl", hash = "sha256:7e07cbde391ba96ab58e532ff4803f79c4129397514e1413a7dc761ccd755735"},
    {file = "PyYAML-6.0.1-cp38-cp38-win32.whl", hash = "sha256:184c5108a2aca3c5b3d3bf9395d50893a7ab82a38004c8f61c258d4428e80206"},
    {file = "PyYAML-6.0.1-cp38-cp38-win_amd64.whl", hash = "sha256:1e2722cc9fbb45d9b87631ac70924c11d3a401b2d7f410cc0e3bbf249f2dca62"},
    {file = "PyYAML-6.0.1-cp39-cp39-macosx_10_9_x86_64.whl", hash = "sha256:9eb6caa9a297fc2c2fb8862bc5370d0303ddba53ba97e71f08023b6cd73d16a8"},
    {file = "PyYAML-6.0.1-cp39-cp39-macosx_11_0_arm64.whl", hash = "sha256:c8098ddcc2a85b61647b2590f825f3db38891662cfc2fc776415143f599bb859"},
    {file = "PyYAML-6.0.1-cp39-cp39-manylinux_2_17_aarch64.manylinux2014_aarch64.whl", hash = "sha256:5773183b6446b2c99bb77e77595dd486303b4faab2b086e7b17bc6bef28865f6"},
    {file = "PyYAML-6.0.1-cp39-cp39-manylinux_2_17_s390x.manylinux2014_s390x.whl", hash = "sha256:b786eecbdf8499b9ca1d697215862083bd6d2a99965554781d0d8d1ad31e13a0"},
    {file = "PyYAML-6.0.1-cp39-cp39-manylinux_2_17_x86_64.manylinux2014_x86_64.whl", hash = "sha256:bc1bf2925a1ecd43da378f4db9e4f799775d6367bdb94671027b73b393a7c42c"},
    {file = "PyYAML-6.0.1-cp39-cp39-win32.whl", hash = "sha256:faca3bdcf85b2fc05d06ff3fbc1f83e1391b3e724afa3feba7d13eeab355484c"},
    {file = "PyYAML-6.0.1-cp39-cp39-win_amd64.whl", hash = "sha256:510c9deebc5c0225e8c96813043e62b680ba2f9c50a08d3724c7f28a747d1486"},
    {file = "PyYAML-6.0.1.tar.gz", hash = "sha256:bfdf460b1736c775f2ba9f6a92bca30bc2095067b8a9d77876d1fad6cc3b4a43"},
]

[[package]]
name = "setuptools"
version = "69.1.1"
description = "Easily download, build, install, upgrade, and uninstall Python packages"
optional = false
python-versions = ">=3.8"
files = [
    {file = "setuptools-69.1.1-py3-none-any.whl", hash = "sha256:02fa291a0471b3a18b2b2481ed902af520c69e8ae0919c13da936542754b4c56"},
    {file = "setuptools-69.1.1.tar.gz", hash = "sha256:5c0806c7d9af348e6dd3777b4f4dbb42c7ad85b190104837488eab9a7c945cf8"},
]

[package.extras]
docs = ["furo", "jaraco.packaging (>=9.3)", "jaraco.tidelift (>=1.4)", "pygments-github-lexers (==0.0.5)", "rst.linker (>=1.9)", "sphinx (<7.2.5)", "sphinx (>=3.5)", "sphinx-favicon", "sphinx-inline-tabs", "sphinx-lint", "sphinx-notfound-page (>=1,<2)", "sphinx-reredirects", "sphinxcontrib-towncrier"]
testing = ["build[virtualenv]", "filelock (>=3.4.0)", "flake8-2020", "ini2toml[lite] (>=0.9)", "jaraco.develop (>=7.21)", "jaraco.envs (>=2.2)", "jaraco.path (>=3.2.0)", "packaging (>=23.2)", "pip (>=19.1)", "pytest (>=6)", "pytest-checkdocs (>=2.4)", "pytest-cov", "pytest-enabler (>=2.2)", "pytest-home (>=0.5)", "pytest-mypy (>=0.9.1)", "pytest-perf", "pytest-ruff (>=0.2.1)", "pytest-timeout", "pytest-xdist", "tomli-w (>=1.0.0)", "virtualenv (>=13.0.0)", "wheel"]
testing-integration = ["build[virtualenv] (>=1.0.3)", "filelock (>=3.4.0)", "jaraco.envs (>=2.2)", "jaraco.path (>=3.2.0)", "packaging (>=23.2)", "pytest", "pytest-enabler", "pytest-xdist", "tomli", "virtualenv (>=13.0.0)", "wheel"]

[[package]]
name = "shiboken6"
version = "6.6.2"
description = "Python/C++ bindings helper module"
optional = false
python-versions = "<3.13,>=3.8"
files = [
    {file = "shiboken6-6.6.2-cp38-abi3-macosx_11_0_universal2.whl", hash = "sha256:531728324ad3ad4ed7b1d85d2dff548d618182d67024e16e84079f7db104590d"},
    {file = "shiboken6-6.6.2-cp38-abi3-manylinux_2_28_x86_64.whl", hash = "sha256:9da86622cee5e7201bafe9c5beee3c06d9168c6b8f3e2fac52c1b7df00956bff"},
    {file = "shiboken6-6.6.2-cp38-abi3-manylinux_2_31_aarch64.whl", hash = "sha256:60dbad15901ad6fff6e198d8668091bbb2f20b82729412e5fd4d47ac86c97d42"},
    {file = "shiboken6-6.6.2-cp38-abi3-win_amd64.whl", hash = "sha256:d4e99e7d1137a7d2c665a465b80baf820829dfba5fe474549d49b0ef81b0abf2"},
]

[[package]]
name = "toml"
version = "0.10.2"
description = "Python Library for Tom's Obvious, Minimal Language"
optional = false
python-versions = ">=2.6, !=3.0.*, !=3.1.*, !=3.2.*"
files = [
    {file = "toml-0.10.2-py2.py3-none-any.whl", hash = "sha256:806143ae5bfb6a3c6e736a764057db0e6a0e05e338b5630894a5f779cabb4f9b"},
    {file = "toml-0.10.2.tar.gz", hash = "sha256:b3bda1d108d5dd99f4a20d24d9c348e91c4db7ab1b749200bded2f839ccbe68f"},
]

[[package]]
name = "tomli"
version = "2.0.1"
description = "A lil' TOML parser"
optional = false
python-versions = ">=3.7"
files = [
    {file = "tomli-2.0.1-py3-none-any.whl", hash = "sha256:939de3e7a6161af0c887ef91b7d41a53e7c5a1ca976325f429cb46ea9bc30ecc"},
    {file = "tomli-2.0.1.tar.gz", hash = "sha256:de526c12914f0c550d15924c62d72abc48d6fe7364aa87328337a31007fe8a4f"},
]

[[package]]
name = "typing-extensions"
version = "4.10.0"
description = "Backported and Experimental Type Hints for Python 3.8+"
optional = false
python-versions = ">=3.8"
files = [
    {file = "typing_extensions-4.10.0-py3-none-any.whl", hash = "sha256:69b1a937c3a517342112fb4c6df7e72fc39a38e7891a5730ed4985b5214b5475"},
    {file = "typing_extensions-4.10.0.tar.gz", hash = "sha256:b0abd7c89e8fb96f98db18d86106ff1d90ab692004eb746cf6eda2682f91b3cb"},
]

[metadata]
lock-version = "2.0"
python-versions = ">=3.10,<3.12"
content-hash = "518b37525cc4a4bad4902ceb10980906228462a17e502c1ae1846c890a4ab647"
