# This file is automatically @generated by Cargo.
# It is not intended for manual editing.
version = 3

[[package]]
name = "custom-functions"
version = "0.1.0"
dependencies = [
 "panic-abort",
]

[[package]]
name = "panic-abort"
version = "0.3.2"
source = "registry+https://github.com/rust-lang/crates.io-index"
checksum = "4e20e6499bbbc412f280b04a42346b356c6fa0753d5fd22b7bd752ff34c778ee"
